// !$*UTF8*$!
{
	archiveVersion = 1;
	classes = {
	};
	objectVersion = 46;
	objects = {

/* Begin PBXBuildFile section */
		6837651C18D5E75E00F66DC1 /* TLFoodViewController_3.xib in Resources */ = {isa = PBXBuildFile; fileRef = 6837651B18D5E75E00F66DC1 /* TLFoodViewController_3.xib */; };
		6837652218D5EAB200F66DC1 /* TLAboutCellViewController_4.xib in Resources */ = {isa = PBXBuildFile; fileRef = 6837652118D5EAB200F66DC1 /* TLAboutCellViewController_4.xib */; };
		6837652518D5EAC200F66DC1 /* TLAboutViewController_3.xib in Resources */ = {isa = PBXBuildFile; fileRef = 6837652318D5EAC200F66DC1 /* TLAboutViewController_3.xib */; };
		6837652618D5EAC200F66DC1 /* TLAboutViewController_4.xib in Resources */ = {isa = PBXBuildFile; fileRef = 6837652418D5EAC200F66DC1 /* TLAboutViewController_4.xib */; };
		6837652818D5EC5B00F66DC1 /* TLAboutCellViewController_3.xib in Resources */ = {isa = PBXBuildFile; fileRef = 6837652718D5EC5B00F66DC1 /* TLAboutCellViewController_3.xib */; };
		6837652A18D5ED1C00F66DC1 /* TLWebViewController_3.xib in Resources */ = {isa = PBXBuildFile; fileRef = 6837652918D5ED1C00F66DC1 /* TLWebViewController_3.xib */; };
		685DE50818CA827A007BD897 /* TLAboutCellViewController.m in Sources */ = {isa = PBXBuildFile; fileRef = 685DE50618CA827A007BD897 /* TLAboutCellViewController.m */; };
		685DE50E18CA92F9007BD897 /* TeamAboutList.plist in Resources */ = {isa = PBXBuildFile; fileRef = 685DE50D18CA92F9007BD897 /* TeamAboutList.plist */; };
		685DE50F18CA94EE007BD897 /* TeamAboutList.plist in Resources */ = {isa = PBXBuildFile; fileRef = 685DE50D18CA92F9007BD897 /* TeamAboutList.plist */; };
		686BE09B18D659A70026D9A7 /* api.plist in Resources */ = {isa = PBXBuildFile; fileRef = 686BE09A18D659A70026D9A7 /* api.plist */; };
		686BE09F18D659F00026D9A7 /* refresh_disabled.png in Resources */ = {isa = PBXBuildFile; fileRef = 686BE09C18D659F00026D9A7 /* refresh_disabled.png */; };
		686BE0A018D659F00026D9A7 /* back_disabled.png in Resources */ = {isa = PBXBuildFile; fileRef = 686BE09D18D659F00026D9A7 /* back_disabled.png */; };
		686BE0A118D659F00026D9A7 /* forward_disabled.png in Resources */ = {isa = PBXBuildFile; fileRef = 686BE09E18D659F00026D9A7 /* forward_disabled.png */; };
		6892346318CFB67000F51295 /* Lato-Black.ttf in Resources */ = {isa = PBXBuildFile; fileRef = 6892345418CFAFEE00F51295 /* Lato-Black.ttf */; };
		6892346418CFB67000F51295 /* Lato-BlackItalic.ttf in Resources */ = {isa = PBXBuildFile; fileRef = 6892345518CFAFEE00F51295 /* Lato-BlackItalic.ttf */; };
		6892346518CFB67000F51295 /* Lato-Bold.ttf in Resources */ = {isa = PBXBuildFile; fileRef = 6892345618CFAFEE00F51295 /* Lato-Bold.ttf */; };
		6892346618CFB67000F51295 /* Lato-BoldItalic.ttf in Resources */ = {isa = PBXBuildFile; fileRef = 6892345718CFAFEE00F51295 /* Lato-BoldItalic.ttf */; };
		6892346718CFB67000F51295 /* Lato-Hairline.ttf in Resources */ = {isa = PBXBuildFile; fileRef = 6892345818CFAFEE00F51295 /* Lato-Hairline.ttf */; };
		6892346818CFB67000F51295 /* Lato-HairlineItalic.ttf in Resources */ = {isa = PBXBuildFile; fileRef = 6892345918CFAFEE00F51295 /* Lato-HairlineItalic.ttf */; };
		6892346918CFB67000F51295 /* Lato-Heavy.ttf in Resources */ = {isa = PBXBuildFile; fileRef = 6892345A18CFAFEE00F51295 /* Lato-Heavy.ttf */; };
		6892346A18CFB67000F51295 /* Lato-HeavyItalic.ttf in Resources */ = {isa = PBXBuildFile; fileRef = 6892345B18CFAFEE00F51295 /* Lato-HeavyItalic.ttf */; };
		6892346B18CFB67000F51295 /* Lato-LightItalic.ttf in Resources */ = {isa = PBXBuildFile; fileRef = 6892345D18CFAFEE00F51295 /* Lato-LightItalic.ttf */; };
		6892346C18CFB67000F51295 /* Lato-Medium.ttf in Resources */ = {isa = PBXBuildFile; fileRef = 6892345E18CFAFEE00F51295 /* Lato-Medium.ttf */; };
		6892346D18CFB67000F51295 /* Lato-MediumItalic.ttf in Resources */ = {isa = PBXBuildFile; fileRef = 6892345F18CFAFEE00F51295 /* Lato-MediumItalic.ttf */; };
		6892346E18CFB67000F51295 /* Lato-Regular.ttf in Resources */ = {isa = PBXBuildFile; fileRef = 6892346018CFAFEE00F51295 /* Lato-Regular.ttf */; };
		6892346F18CFB67000F51295 /* Lato-Semibold.ttf in Resources */ = {isa = PBXBuildFile; fileRef = 6892346118CFAFEE00F51295 /* Lato-Semibold.ttf */; };
		6892347018CFB67000F51295 /* Lato-SemiboldItalic.ttf in Resources */ = {isa = PBXBuildFile; fileRef = 6892346218CFAFEE00F51295 /* Lato-SemiboldItalic.ttf */; };
		6892347E18CFC59F00F51295 /* TeamLight.png in Resources */ = {isa = PBXBuildFile; fileRef = 6892347618CFC59F00F51295 /* TeamLight.png */; };
		6892347F18CFC59F00F51295 /* TeamDark.png in Resources */ = {isa = PBXBuildFile; fileRef = 6892347718CFC59F00F51295 /* TeamDark.png */; };
		6892348018CFC59F00F51295 /* foodLight.png in Resources */ = {isa = PBXBuildFile; fileRef = 6892347818CFC59F00F51295 /* foodLight.png */; };
		6892348118CFC59F00F51295 /* TeamDark@2x.png in Resources */ = {isa = PBXBuildFile; fileRef = 6892347918CFC59F00F51295 /* TeamDark@2x.png */; };
		6892348218CFC59F00F51295 /* foodDark@2x.png in Resources */ = {isa = PBXBuildFile; fileRef = 6892347A18CFC59F00F51295 /* foodDark@2x.png */; };
		6892348318CFC59F00F51295 /* foodLight@2x.png in Resources */ = {isa = PBXBuildFile; fileRef = 6892347B18CFC59F00F51295 /* foodLight@2x.png */; };
		6892348418CFC59F00F51295 /* TeamLight@2x.png in Resources */ = {isa = PBXBuildFile; fileRef = 6892347C18CFC59F00F51295 /* TeamLight@2x.png */; };
		6892348518CFC59F00F51295 /* foodDark.png in Resources */ = {isa = PBXBuildFile; fileRef = 6892347D18CFC59F00F51295 /* foodDark.png */; };
		68A6683F18D64B2600CDA1A0 /* forward_tapped.png in Resources */ = {isa = PBXBuildFile; fileRef = 68A6683B18D64B2600CDA1A0 /* forward_tapped.png */; };
		68A6684018D64B2600CDA1A0 /* forward.png in Resources */ = {isa = PBXBuildFile; fileRef = 68A6683C18D64B2600CDA1A0 /* forward.png */; };
		68A6684118D64B2600CDA1A0 /* back.png in Resources */ = {isa = PBXBuildFile; fileRef = 68A6683D18D64B2600CDA1A0 /* back.png */; };
		68A6684218D64B2600CDA1A0 /* back_tapped.png in Resources */ = {isa = PBXBuildFile; fileRef = 68A6683E18D64B2600CDA1A0 /* back_tapped.png */; };
		68A6684518D64CF700CDA1A0 /* refresh.png in Resources */ = {isa = PBXBuildFile; fileRef = 68A6684318D64CF700CDA1A0 /* refresh.png */; };
		68A6684618D64CF700CDA1A0 /* refresh_tapped.png in Resources */ = {isa = PBXBuildFile; fileRef = 68A6684418D64CF700CDA1A0 /* refresh_tapped.png */; };
		68F1B7EC18C20C90004F2436 /* TLWebViewController.m in Sources */ = {isa = PBXBuildFile; fileRef = 68F1B7EA18C20C90004F2436 /* TLWebViewController.m */; };
		68F1B7ED18C20C90004F2436 /* TLWebViewController_4.xib in Resources */ = {isa = PBXBuildFile; fileRef = 68F1B7EB18C20C90004F2436 /* TLWebViewController_4.xib */; };
		6D0A22EA18C8DC51003D132A /* Foundation.framework in Frameworks */ = {isa = PBXBuildFile; fileRef = 6D0A22E918C8DC51003D132A /* Foundation.framework */; };
		6D0A22EC18C8DC51003D132A /* CoreGraphics.framework in Frameworks */ = {isa = PBXBuildFile; fileRef = 6D0A22EB18C8DC51003D132A /* CoreGraphics.framework */; };
		6D0A22EE18C8DC51003D132A /* UIKit.framework in Frameworks */ = {isa = PBXBuildFile; fileRef = 6D0A22ED18C8DC51003D132A /* UIKit.framework */; };
		6D0A22F418C8DC51003D132A /* InfoPlist.strings in Resources */ = {isa = PBXBuildFile; fileRef = 6D0A22F218C8DC51003D132A /* InfoPlist.strings */; };
		6D0A22F618C8DC51003D132A /* main.m in Sources */ = {isa = PBXBuildFile; fileRef = 6D0A22F518C8DC51003D132A /* main.m */; };
		6D0A22FA18C8DC51003D132A /* TLAppDelegate.m in Sources */ = {isa = PBXBuildFile; fileRef = 6D0A22F918C8DC51003D132A /* TLAppDelegate.m */; };
		6D0A22FC18C8DC51003D132A /* Images.xcassets in Resources */ = {isa = PBXBuildFile; fileRef = 6D0A22FB18C8DC51003D132A /* Images.xcassets */; };
		6D0A230318C8DC51003D132A /* XCTest.framework in Frameworks */ = {isa = PBXBuildFile; fileRef = 6D0A230218C8DC51003D132A /* XCTest.framework */; };
		6D0A230418C8DC51003D132A /* Foundation.framework in Frameworks */ = {isa = PBXBuildFile; fileRef = 6D0A22E918C8DC51003D132A /* Foundation.framework */; };
		6D0A230518C8DC51003D132A /* UIKit.framework in Frameworks */ = {isa = PBXBuildFile; fileRef = 6D0A22ED18C8DC51003D132A /* UIKit.framework */; };
		6D0A230D18C8DC51003D132A /* InfoPlist.strings in Resources */ = {isa = PBXBuildFile; fileRef = 6D0A230B18C8DC51003D132A /* InfoPlist.strings */; };
		6D0A230F18C8DC51003D132A /* YTUYemekhaneIOSTests.m in Sources */ = {isa = PBXBuildFile; fileRef = 6D0A230E18C8DC51003D132A /* YTUYemekhaneIOSTests.m */; };
		6D0A231B18C8DCCF003D132A /* TLFoodViewController.m in Sources */ = {isa = PBXBuildFile; fileRef = 6D0A231918C8DCCF003D132A /* TLFoodViewController.m */; };
		6D0A231C18C8DCCF003D132A /* TLFoodViewController_4.xib in Resources */ = {isa = PBXBuildFile; fileRef = 6D0A231A18C8DCCF003D132A /* TLFoodViewController_4.xib */; };
		6D0A232218C8F0CF003D132A /* TLAboutViewController.m in Sources */ = {isa = PBXBuildFile; fileRef = 6D0A232018C8F0CF003D132A /* TLAboutViewController.m */; };
		6D0A232E18C8F641003D132A /* TLFoodCellViewController.m in Sources */ = {isa = PBXBuildFile; fileRef = 6D0A232C18C8F641003D132A /* TLFoodCellViewController.m */; };
		6D0A232F18C8F641003D132A /* TLFoodCellViewController.xib in Resources */ = {isa = PBXBuildFile; fileRef = 6D0A232D18C8F641003D132A /* TLFoodCellViewController.xib */; };
		6D0A234518C8FC03003D132A /* AFHTTPRequestOperation.m in Sources */ = {isa = PBXBuildFile; fileRef = 6D0A233318C8FC03003D132A /* AFHTTPRequestOperation.m */; };
		6D0A234618C8FC03003D132A /* AFHTTPRequestOperationManager.m in Sources */ = {isa = PBXBuildFile; fileRef = 6D0A233518C8FC03003D132A /* AFHTTPRequestOperationManager.m */; };
		6D0A234718C8FC03003D132A /* AFHTTPSessionManager.m in Sources */ = {isa = PBXBuildFile; fileRef = 6D0A233718C8FC03003D132A /* AFHTTPSessionManager.m */; };
		6D0A234818C8FC03003D132A /* AFNetworkReachabilityManager.m in Sources */ = {isa = PBXBuildFile; fileRef = 6D0A233A18C8FC03003D132A /* AFNetworkReachabilityManager.m */; };
		6D0A234918C8FC03003D132A /* AFSecurityPolicy.m in Sources */ = {isa = PBXBuildFile; fileRef = 6D0A233C18C8FC03003D132A /* AFSecurityPolicy.m */; };
		6D0A234A18C8FC03003D132A /* AFURLConnectionOperation.m in Sources */ = {isa = PBXBuildFile; fileRef = 6D0A233E18C8FC03003D132A /* AFURLConnectionOperation.m */; };
		6D0A234B18C8FC03003D132A /* AFURLRequestSerialization.m in Sources */ = {isa = PBXBuildFile; fileRef = 6D0A234018C8FC03003D132A /* AFURLRequestSerialization.m */; };
		6D0A234C18C8FC03003D132A /* AFURLResponseSerialization.m in Sources */ = {isa = PBXBuildFile; fileRef = 6D0A234218C8FC03003D132A /* AFURLResponseSerialization.m */; };
		6D0A234D18C8FC03003D132A /* AFURLSessionManager.m in Sources */ = {isa = PBXBuildFile; fileRef = 6D0A234418C8FC03003D132A /* AFURLSessionManager.m */; };
		6D0A237F18C8FE1D003D132A /* NSObject+SBJson.m in Sources */ = {isa = PBXBuildFile; fileRef = 6D0A236718C8FE1D003D132A /* NSObject+SBJson.m */; };
		6D0A238018C8FE1D003D132A /* SBJsonParser.m in Sources */ = {isa = PBXBuildFile; fileRef = 6D0A236A18C8FE1D003D132A /* SBJsonParser.m */; };
		6D0A238118C8FE1D003D132A /* SBJsonStreamParser.m in Sources */ = {isa = PBXBuildFile; fileRef = 6D0A236C18C8FE1D003D132A /* SBJsonStreamParser.m */; };
		6D0A238218C8FE1D003D132A /* SBJsonStreamParserAccumulator.m in Sources */ = {isa = PBXBuildFile; fileRef = 6D0A236E18C8FE1D003D132A /* SBJsonStreamParserAccumulator.m */; };
		6D0A238318C8FE1D003D132A /* SBJsonStreamParserAdapter.m in Sources */ = {isa = PBXBuildFile; fileRef = 6D0A237018C8FE1D003D132A /* SBJsonStreamParserAdapter.m */; };
		6D0A238418C8FE1D003D132A /* SBJsonStreamParserState.m in Sources */ = {isa = PBXBuildFile; fileRef = 6D0A237218C8FE1D003D132A /* SBJsonStreamParserState.m */; };
		6D0A238518C8FE1D003D132A /* SBJsonStreamWriter.m in Sources */ = {isa = PBXBuildFile; fileRef = 6D0A237418C8FE1D003D132A /* SBJsonStreamWriter.m */; };
		6D0A238618C8FE1D003D132A /* SBJsonStreamWriterAccumulator.m in Sources */ = {isa = PBXBuildFile; fileRef = 6D0A237618C8FE1D003D132A /* SBJsonStreamWriterAccumulator.m */; };
		6D0A238718C8FE1D003D132A /* SBJsonStreamWriterState.m in Sources */ = {isa = PBXBuildFile; fileRef = 6D0A237818C8FE1D003D132A /* SBJsonStreamWriterState.m */; };
		6D0A238818C8FE1D003D132A /* SBJsonTokeniser.m in Sources */ = {isa = PBXBuildFile; fileRef = 6D0A237A18C8FE1D003D132A /* SBJsonTokeniser.m */; };
		6D0A238918C8FE1D003D132A /* SBJsonUTF8Stream.m in Sources */ = {isa = PBXBuildFile; fileRef = 6D0A237C18C8FE1D003D132A /* SBJsonUTF8Stream.m */; };
		6D0A238A18C8FE1D003D132A /* SBJsonWriter.m in Sources */ = {isa = PBXBuildFile; fileRef = 6D0A237E18C8FE1D003D132A /* SBJsonWriter.m */; };
		6DB99F5B18CA129B00C59B64 /* Lato-Light.ttf in Resources */ = {isa = PBXBuildFile; fileRef = 6DB99F5A18CA129B00C59B64 /* Lato-Light.ttf */; };
		F5628C7218D4F33600BB1460 /* davut.png in Resources */ = {isa = PBXBuildFile; fileRef = F5628C6F18D4F33600BB1460 /* davut.png */; };
		F5628C7318D4F33600BB1460 /* meryem.png in Resources */ = {isa = PBXBuildFile; fileRef = F5628C7018D4F33600BB1460 /* meryem.png */; };
		F5628C7418D4F33600BB1460 /* said.png in Resources */ = {isa = PBXBuildFile; fileRef = F5628C7118D4F33600BB1460 /* said.png */; };
/* End PBXBuildFile section */

/* Begin PBXContainerItemProxy section */
		6D0A230618C8DC51003D132A /* PBXContainerItemProxy */ = {
			isa = PBXContainerItemProxy;
			containerPortal = 6D0A22DE18C8DC51003D132A /* Project object */;
			proxyType = 1;
			remoteGlobalIDString = 6D0A22E518C8DC51003D132A;
			remoteInfo = YTUYemekhaneIOS;
		};
/* End PBXContainerItemProxy section */

/* Begin PBXFileReference section */
		6837651B18D5E75E00F66DC1 /* TLFoodViewController_3.xib */ = {isa = PBXFileReference; fileEncoding = 4; lastKnownFileType = file.xib; path = TLFoodViewController_3.xib; sourceTree = "<group>"; };
		6837652118D5EAB200F66DC1 /* TLAboutCellViewController_4.xib */ = {isa = PBXFileReference; fileEncoding = 4; lastKnownFileType = file.xib; path = TLAboutCellViewController_4.xib; sourceTree = "<group>"; };
		6837652318D5EAC200F66DC1 /* TLAboutViewController_3.xib */ = {isa = PBXFileReference; fileEncoding = 4; lastKnownFileType = file.xib; path = TLAboutViewController_3.xib; sourceTree = "<group>"; };
		6837652418D5EAC200F66DC1 /* TLAboutViewController_4.xib */ = {isa = PBXFileReference; fileEncoding = 4; lastKnownFileType = file.xib; path = TLAboutViewController_4.xib; sourceTree = "<group>"; };
		6837652718D5EC5B00F66DC1 /* TLAboutCellViewController_3.xib */ = {isa = PBXFileReference; fileEncoding = 4; lastKnownFileType = file.xib; path = TLAboutCellViewController_3.xib; sourceTree = "<group>"; };
		6837652918D5ED1C00F66DC1 /* TLWebViewController_3.xib */ = {isa = PBXFileReference; fileEncoding = 4; lastKnownFileType = file.xib; path = TLWebViewController_3.xib; sourceTree = "<group>"; };
		685DE50518CA827A007BD897 /* TLAboutCellViewController.h */ = {isa = PBXFileReference; fileEncoding = 4; lastKnownFileType = sourcecode.c.h; path = TLAboutCellViewController.h; sourceTree = "<group>"; };
		685DE50618CA827A007BD897 /* TLAboutCellViewController.m */ = {isa = PBXFileReference; fileEncoding = 4; lastKnownFileType = sourcecode.c.objc; path = TLAboutCellViewController.m; sourceTree = "<group>"; };
		685DE50D18CA92F9007BD897 /* TeamAboutList.plist */ = {isa = PBXFileReference; fileEncoding = 4; lastKnownFileType = text.plist.xml; path = TeamAboutList.plist; sourceTree = "<group>"; };
		686BE09A18D659A70026D9A7 /* api.plist */ = {isa = PBXFileReference; fileEncoding = 4; lastKnownFileType = text.plist.xml; path = api.plist; sourceTree = "<group>"; };
		686BE09C18D659F00026D9A7 /* refresh_disabled.png */ = {isa = PBXFileReference; lastKnownFileType = image.png; path = refresh_disabled.png; sourceTree = "<group>"; };
		686BE09D18D659F00026D9A7 /* back_disabled.png */ = {isa = PBXFileReference; lastKnownFileType = image.png; path = back_disabled.png; sourceTree = "<group>"; };
		686BE09E18D659F00026D9A7 /* forward_disabled.png */ = {isa = PBXFileReference; lastKnownFileType = image.png; path = forward_disabled.png; sourceTree = "<group>"; };
		6892345418CFAFEE00F51295 /* Lato-Black.ttf */ = {isa = PBXFileReference; lastKnownFileType = file; path = "Lato-Black.ttf"; sourceTree = "<group>"; };
		6892345518CFAFEE00F51295 /* Lato-BlackItalic.ttf */ = {isa = PBXFileReference; lastKnownFileType = file; path = "Lato-BlackItalic.ttf"; sourceTree = "<group>"; };
		6892345618CFAFEE00F51295 /* Lato-Bold.ttf */ = {isa = PBXFileReference; lastKnownFileType = file; path = "Lato-Bold.ttf"; sourceTree = "<group>"; };
		6892345718CFAFEE00F51295 /* Lato-BoldItalic.ttf */ = {isa = PBXFileReference; lastKnownFileType = file; path = "Lato-BoldItalic.ttf"; sourceTree = "<group>"; };
		6892345818CFAFEE00F51295 /* Lato-Hairline.ttf */ = {isa = PBXFileReference; lastKnownFileType = file; path = "Lato-Hairline.ttf"; sourceTree = "<group>"; };
		6892345918CFAFEE00F51295 /* Lato-HairlineItalic.ttf */ = {isa = PBXFileReference; lastKnownFileType = file; path = "Lato-HairlineItalic.ttf"; sourceTree = "<group>"; };
		6892345A18CFAFEE00F51295 /* Lato-Heavy.ttf */ = {isa = PBXFileReference; lastKnownFileType = file; path = "Lato-Heavy.ttf"; sourceTree = "<group>"; };
		6892345B18CFAFEE00F51295 /* Lato-HeavyItalic.ttf */ = {isa = PBXFileReference; lastKnownFileType = file; path = "Lato-HeavyItalic.ttf"; sourceTree = "<group>"; };
		6892345C18CFAFEE00F51295 /* Lato-Italic.ttf */ = {isa = PBXFileReference; lastKnownFileType = file; path = "Lato-Italic.ttf"; sourceTree = "<group>"; };
		6892345D18CFAFEE00F51295 /* Lato-LightItalic.ttf */ = {isa = PBXFileReference; lastKnownFileType = file; path = "Lato-LightItalic.ttf"; sourceTree = "<group>"; };
		6892345E18CFAFEE00F51295 /* Lato-Medium.ttf */ = {isa = PBXFileReference; lastKnownFileType = file; path = "Lato-Medium.ttf"; sourceTree = "<group>"; };
		6892345F18CFAFEE00F51295 /* Lato-MediumItalic.ttf */ = {isa = PBXFileReference; lastKnownFileType = file; path = "Lato-MediumItalic.ttf"; sourceTree = "<group>"; };
		6892346018CFAFEE00F51295 /* Lato-Regular.ttf */ = {isa = PBXFileReference; lastKnownFileType = file; path = "Lato-Regular.ttf"; sourceTree = "<group>"; };
		6892346118CFAFEE00F51295 /* Lato-Semibold.ttf */ = {isa = PBXFileReference; lastKnownFileType = file; path = "Lato-Semibold.ttf"; sourceTree = "<group>"; };
		6892346218CFAFEE00F51295 /* Lato-SemiboldItalic.ttf */ = {isa = PBXFileReference; lastKnownFileType = file; path = "Lato-SemiboldItalic.ttf"; sourceTree = "<group>"; };
		6892347618CFC59F00F51295 /* TeamLight.png */ = {isa = PBXFileReference; lastKnownFileType = image.png; path = TeamLight.png; sourceTree = "<group>"; };
		6892347718CFC59F00F51295 /* TeamDark.png */ = {isa = PBXFileReference; lastKnownFileType = image.png; path = TeamDark.png; sourceTree = "<group>"; };
		6892347818CFC59F00F51295 /* foodLight.png */ = {isa = PBXFileReference; lastKnownFileType = image.png; path = foodLight.png; sourceTree = "<group>"; };
		6892347918CFC59F00F51295 /* TeamDark@2x.png */ = {isa = PBXFileReference; lastKnownFileType = image.png; path = "TeamDark@2x.png"; sourceTree = "<group>"; };
		6892347A18CFC59F00F51295 /* foodDark@2x.png */ = {isa = PBXFileReference; lastKnownFileType = image.png; path = "foodDark@2x.png"; sourceTree = "<group>"; };
		6892347B18CFC59F00F51295 /* foodLight@2x.png */ = {isa = PBXFileReference; lastKnownFileType = image.png; path = "foodLight@2x.png"; sourceTree = "<group>"; };
		6892347C18CFC59F00F51295 /* TeamLight@2x.png */ = {isa = PBXFileReference; lastKnownFileType = image.png; path = "TeamLight@2x.png"; sourceTree = "<group>"; };
		6892347D18CFC59F00F51295 /* foodDark.png */ = {isa = PBXFileReference; lastKnownFileType = image.png; path = foodDark.png; sourceTree = "<group>"; };
		68A6683B18D64B2600CDA1A0 /* forward_tapped.png */ = {isa = PBXFileReference; lastKnownFileType = image.png; path = forward_tapped.png; sourceTree = "<group>"; };
		68A6683C18D64B2600CDA1A0 /* forward.png */ = {isa = PBXFileReference; lastKnownFileType = image.png; path = forward.png; sourceTree = "<group>"; };
		68A6683D18D64B2600CDA1A0 /* back.png */ = {isa = PBXFileReference; lastKnownFileType = image.png; path = back.png; sourceTree = "<group>"; };
		68A6683E18D64B2600CDA1A0 /* back_tapped.png */ = {isa = PBXFileReference; lastKnownFileType = image.png; path = back_tapped.png; sourceTree = "<group>"; };
		68A6684318D64CF700CDA1A0 /* refresh.png */ = {isa = PBXFileReference; lastKnownFileType = image.png; path = refresh.png; sourceTree = "<group>"; };
		68A6684418D64CF700CDA1A0 /* refresh_tapped.png */ = {isa = PBXFileReference; lastKnownFileType = image.png; path = refresh_tapped.png; sourceTree = "<group>"; };
		68F1B7E918C20C90004F2436 /* TLWebViewController.h */ = {isa = PBXFileReference; fileEncoding = 4; lastKnownFileType = sourcecode.c.h; path = TLWebViewController.h; sourceTree = "<group>"; xcLanguageSpecificationIdentifier = xcode.lang.objc; };
		68F1B7EA18C20C90004F2436 /* TLWebViewController.m */ = {isa = PBXFileReference; fileEncoding = 4; lastKnownFileType = sourcecode.c.objc; path = TLWebViewController.m; sourceTree = "<group>"; };
		68F1B7EB18C20C90004F2436 /* TLWebViewController_4.xib */ = {isa = PBXFileReference; fileEncoding = 4; lastKnownFileType = file.xib; path = TLWebViewController_4.xib; sourceTree = "<group>"; };
		6D0A22E618C8DC51003D132A /* YTUYemekhaneIOS.app */ = {isa = PBXFileReference; explicitFileType = wrapper.application; includeInIndex = 0; path = YTUYemekhaneIOS.app; sourceTree = BUILT_PRODUCTS_DIR; };
		6D0A22E918C8DC51003D132A /* Foundation.framework */ = {isa = PBXFileReference; lastKnownFileType = wrapper.framework; name = Foundation.framework; path = System/Library/Frameworks/Foundation.framework; sourceTree = SDKROOT; };
		6D0A22EB18C8DC51003D132A /* CoreGraphics.framework */ = {isa = PBXFileReference; lastKnownFileType = wrapper.framework; name = CoreGraphics.framework; path = System/Library/Frameworks/CoreGraphics.framework; sourceTree = SDKROOT; };
		6D0A22ED18C8DC51003D132A /* UIKit.framework */ = {isa = PBXFileReference; lastKnownFileType = wrapper.framework; name = UIKit.framework; path = System/Library/Frameworks/UIKit.framework; sourceTree = SDKROOT; };
		6D0A22F118C8DC51003D132A /* YTUYemekhaneIOS-Info.plist */ = {isa = PBXFileReference; lastKnownFileType = text.plist.xml; path = "YTUYemekhaneIOS-Info.plist"; sourceTree = "<group>"; };
		6D0A22F318C8DC51003D132A /* en */ = {isa = PBXFileReference; lastKnownFileType = text.plist.strings; name = en; path = en.lproj/InfoPlist.strings; sourceTree = "<group>"; };
		6D0A22F518C8DC51003D132A /* main.m */ = {isa = PBXFileReference; lastKnownFileType = sourcecode.c.objc; path = main.m; sourceTree = "<group>"; };
		6D0A22F718C8DC51003D132A /* YTUYemekhaneIOS-Prefix.pch */ = {isa = PBXFileReference; lastKnownFileType = sourcecode.c.h; path = "YTUYemekhaneIOS-Prefix.pch"; sourceTree = "<group>"; };
		6D0A22F818C8DC51003D132A /* TLAppDelegate.h */ = {isa = PBXFileReference; lastKnownFileType = sourcecode.c.h; path = TLAppDelegate.h; sourceTree = "<group>"; };
		6D0A22F918C8DC51003D132A /* TLAppDelegate.m */ = {isa = PBXFileReference; lastKnownFileType = sourcecode.c.objc; path = TLAppDelegate.m; sourceTree = "<group>"; };
		6D0A22FB18C8DC51003D132A /* Images.xcassets */ = {isa = PBXFileReference; lastKnownFileType = folder.assetcatalog; path = Images.xcassets; sourceTree = "<group>"; };
		6D0A230118C8DC51003D132A /* YTUYemekhaneIOSTests.xctest */ = {isa = PBXFileReference; explicitFileType = wrapper.cfbundle; includeInIndex = 0; path = YTUYemekhaneIOSTests.xctest; sourceTree = BUILT_PRODUCTS_DIR; };
		6D0A230218C8DC51003D132A /* XCTest.framework */ = {isa = PBXFileReference; lastKnownFileType = wrapper.framework; name = XCTest.framework; path = Library/Frameworks/XCTest.framework; sourceTree = DEVELOPER_DIR; };
		6D0A230A18C8DC51003D132A /* YTUYemekhaneIOSTests-Info.plist */ = {isa = PBXFileReference; lastKnownFileType = text.plist.xml; path = "YTUYemekhaneIOSTests-Info.plist"; sourceTree = "<group>"; };
		6D0A230C18C8DC51003D132A /* en */ = {isa = PBXFileReference; lastKnownFileType = text.plist.strings; name = en; path = en.lproj/InfoPlist.strings; sourceTree = "<group>"; };
		6D0A230E18C8DC51003D132A /* YTUYemekhaneIOSTests.m */ = {isa = PBXFileReference; lastKnownFileType = sourcecode.c.objc; path = YTUYemekhaneIOSTests.m; sourceTree = "<group>"; };
		6D0A231818C8DCCF003D132A /* TLFoodViewController.h */ = {isa = PBXFileReference; fileEncoding = 4; lastKnownFileType = sourcecode.c.h; path = TLFoodViewController.h; sourceTree = "<group>"; };
		6D0A231918C8DCCF003D132A /* TLFoodViewController.m */ = {isa = PBXFileReference; fileEncoding = 4; lastKnownFileType = sourcecode.c.objc; path = TLFoodViewController.m; sourceTree = "<group>"; };
		6D0A231A18C8DCCF003D132A /* TLFoodViewController_4.xib */ = {isa = PBXFileReference; fileEncoding = 4; lastKnownFileType = file.xib; path = TLFoodViewController_4.xib; sourceTree = "<group>"; };
		6D0A231F18C8F0CF003D132A /* TLAboutViewController.h */ = {isa = PBXFileReference; fileEncoding = 4; lastKnownFileType = sourcecode.c.h; path = TLAboutViewController.h; sourceTree = "<group>"; };
		6D0A232018C8F0CF003D132A /* TLAboutViewController.m */ = {isa = PBXFileReference; fileEncoding = 4; lastKnownFileType = sourcecode.c.objc; path = TLAboutViewController.m; sourceTree = "<group>"; };
		6D0A232B18C8F641003D132A /* TLFoodCellViewController.h */ = {isa = PBXFileReference; fileEncoding = 4; lastKnownFileType = sourcecode.c.h; path = TLFoodCellViewController.h; sourceTree = "<group>"; };
		6D0A232C18C8F641003D132A /* TLFoodCellViewController.m */ = {isa = PBXFileReference; fileEncoding = 4; lastKnownFileType = sourcecode.c.objc; path = TLFoodCellViewController.m; sourceTree = "<group>"; };
		6D0A232D18C8F641003D132A /* TLFoodCellViewController.xib */ = {isa = PBXFileReference; fileEncoding = 4; lastKnownFileType = file.xib; path = TLFoodCellViewController.xib; sourceTree = "<group>"; };
		6D0A233218C8FC03003D132A /* AFHTTPRequestOperation.h */ = {isa = PBXFileReference; fileEncoding = 4; lastKnownFileType = sourcecode.c.h; path = AFHTTPRequestOperation.h; sourceTree = "<group>"; };
		6D0A233318C8FC03003D132A /* AFHTTPRequestOperation.m */ = {isa = PBXFileReference; fileEncoding = 4; lastKnownFileType = sourcecode.c.objc; path = AFHTTPRequestOperation.m; sourceTree = "<group>"; };
		6D0A233418C8FC03003D132A /* AFHTTPRequestOperationManager.h */ = {isa = PBXFileReference; fileEncoding = 4; lastKnownFileType = sourcecode.c.h; path = AFHTTPRequestOperationManager.h; sourceTree = "<group>"; };
		6D0A233518C8FC03003D132A /* AFHTTPRequestOperationManager.m */ = {isa = PBXFileReference; fileEncoding = 4; lastKnownFileType = sourcecode.c.objc; path = AFHTTPRequestOperationManager.m; sourceTree = "<group>"; };
		6D0A233618C8FC03003D132A /* AFHTTPSessionManager.h */ = {isa = PBXFileReference; fileEncoding = 4; lastKnownFileType = sourcecode.c.h; path = AFHTTPSessionManager.h; sourceTree = "<group>"; };
		6D0A233718C8FC03003D132A /* AFHTTPSessionManager.m */ = {isa = PBXFileReference; fileEncoding = 4; lastKnownFileType = sourcecode.c.objc; path = AFHTTPSessionManager.m; sourceTree = "<group>"; };
		6D0A233818C8FC03003D132A /* AFNetworking.h */ = {isa = PBXFileReference; fileEncoding = 4; lastKnownFileType = sourcecode.c.h; path = AFNetworking.h; sourceTree = "<group>"; };
		6D0A233918C8FC03003D132A /* AFNetworkReachabilityManager.h */ = {isa = PBXFileReference; fileEncoding = 4; lastKnownFileType = sourcecode.c.h; path = AFNetworkReachabilityManager.h; sourceTree = "<group>"; };
		6D0A233A18C8FC03003D132A /* AFNetworkReachabilityManager.m */ = {isa = PBXFileReference; fileEncoding = 4; lastKnownFileType = sourcecode.c.objc; path = AFNetworkReachabilityManager.m; sourceTree = "<group>"; };
		6D0A233B18C8FC03003D132A /* AFSecurityPolicy.h */ = {isa = PBXFileReference; fileEncoding = 4; lastKnownFileType = sourcecode.c.h; path = AFSecurityPolicy.h; sourceTree = "<group>"; };
		6D0A233C18C8FC03003D132A /* AFSecurityPolicy.m */ = {isa = PBXFileReference; fileEncoding = 4; lastKnownFileType = sourcecode.c.objc; path = AFSecurityPolicy.m; sourceTree = "<group>"; };
		6D0A233D18C8FC03003D132A /* AFURLConnectionOperation.h */ = {isa = PBXFileReference; fileEncoding = 4; lastKnownFileType = sourcecode.c.h; path = AFURLConnectionOperation.h; sourceTree = "<group>"; };
		6D0A233E18C8FC03003D132A /* AFURLConnectionOperation.m */ = {isa = PBXFileReference; fileEncoding = 4; lastKnownFileType = sourcecode.c.objc; path = AFURLConnectionOperation.m; sourceTree = "<group>"; };
		6D0A233F18C8FC03003D132A /* AFURLRequestSerialization.h */ = {isa = PBXFileReference; fileEncoding = 4; lastKnownFileType = sourcecode.c.h; path = AFURLRequestSerialization.h; sourceTree = "<group>"; };
		6D0A234018C8FC03003D132A /* AFURLRequestSerialization.m */ = {isa = PBXFileReference; fileEncoding = 4; lastKnownFileType = sourcecode.c.objc; path = AFURLRequestSerialization.m; sourceTree = "<group>"; };
		6D0A234118C8FC03003D132A /* AFURLResponseSerialization.h */ = {isa = PBXFileReference; fileEncoding = 4; lastKnownFileType = sourcecode.c.h; path = AFURLResponseSerialization.h; sourceTree = "<group>"; };
		6D0A234218C8FC03003D132A /* AFURLResponseSerialization.m */ = {isa = PBXFileReference; fileEncoding = 4; lastKnownFileType = sourcecode.c.objc; path = AFURLResponseSerialization.m; sourceTree = "<group>"; };
		6D0A234318C8FC03003D132A /* AFURLSessionManager.h */ = {isa = PBXFileReference; fileEncoding = 4; lastKnownFileType = sourcecode.c.h; path = AFURLSessionManager.h; sourceTree = "<group>"; };
		6D0A234418C8FC03003D132A /* AFURLSessionManager.m */ = {isa = PBXFileReference; fileEncoding = 4; lastKnownFileType = sourcecode.c.objc; path = AFURLSessionManager.m; sourceTree = "<group>"; };
		6D0A236618C8FE1D003D132A /* NSObject+SBJson.h */ = {isa = PBXFileReference; fileEncoding = 4; lastKnownFileType = sourcecode.c.h; path = "NSObject+SBJson.h"; sourceTree = "<group>"; };
		6D0A236718C8FE1D003D132A /* NSObject+SBJson.m */ = {isa = PBXFileReference; fileEncoding = 4; lastKnownFileType = sourcecode.c.objc; path = "NSObject+SBJson.m"; sourceTree = "<group>"; };
		6D0A236818C8FE1D003D132A /* SBJson.h */ = {isa = PBXFileReference; fileEncoding = 4; lastKnownFileType = sourcecode.c.h; path = SBJson.h; sourceTree = "<group>"; };
		6D0A236918C8FE1D003D132A /* SBJsonParser.h */ = {isa = PBXFileReference; fileEncoding = 4; lastKnownFileType = sourcecode.c.h; path = SBJsonParser.h; sourceTree = "<group>"; };
		6D0A236A18C8FE1D003D132A /* SBJsonParser.m */ = {isa = PBXFileReference; fileEncoding = 4; lastKnownFileType = sourcecode.c.objc; path = SBJsonParser.m; sourceTree = "<group>"; };
		6D0A236B18C8FE1D003D132A /* SBJsonStreamParser.h */ = {isa = PBXFileReference; fileEncoding = 4; lastKnownFileType = sourcecode.c.h; path = SBJsonStreamParser.h; sourceTree = "<group>"; };
		6D0A236C18C8FE1D003D132A /* SBJsonStreamParser.m */ = {isa = PBXFileReference; fileEncoding = 4; lastKnownFileType = sourcecode.c.objc; path = SBJsonStreamParser.m; sourceTree = "<group>"; };
		6D0A236D18C8FE1D003D132A /* SBJsonStreamParserAccumulator.h */ = {isa = PBXFileReference; fileEncoding = 4; lastKnownFileType = sourcecode.c.h; path = SBJsonStreamParserAccumulator.h; sourceTree = "<group>"; };
		6D0A236E18C8FE1D003D132A /* SBJsonStreamParserAccumulator.m */ = {isa = PBXFileReference; fileEncoding = 4; lastKnownFileType = sourcecode.c.objc; path = SBJsonStreamParserAccumulator.m; sourceTree = "<group>"; };
		6D0A236F18C8FE1D003D132A /* SBJsonStreamParserAdapter.h */ = {isa = PBXFileReference; fileEncoding = 4; lastKnownFileType = sourcecode.c.h; path = SBJsonStreamParserAdapter.h; sourceTree = "<group>"; };
		6D0A237018C8FE1D003D132A /* SBJsonStreamParserAdapter.m */ = {isa = PBXFileReference; fileEncoding = 4; lastKnownFileType = sourcecode.c.objc; path = SBJsonStreamParserAdapter.m; sourceTree = "<group>"; };
		6D0A237118C8FE1D003D132A /* SBJsonStreamParserState.h */ = {isa = PBXFileReference; fileEncoding = 4; lastKnownFileType = sourcecode.c.h; path = SBJsonStreamParserState.h; sourceTree = "<group>"; };
		6D0A237218C8FE1D003D132A /* SBJsonStreamParserState.m */ = {isa = PBXFileReference; fileEncoding = 4; lastKnownFileType = sourcecode.c.objc; path = SBJsonStreamParserState.m; sourceTree = "<group>"; };
		6D0A237318C8FE1D003D132A /* SBJsonStreamWriter.h */ = {isa = PBXFileReference; fileEncoding = 4; lastKnownFileType = sourcecode.c.h; path = SBJsonStreamWriter.h; sourceTree = "<group>"; };
		6D0A237418C8FE1D003D132A /* SBJsonStreamWriter.m */ = {isa = PBXFileReference; fileEncoding = 4; lastKnownFileType = sourcecode.c.objc; path = SBJsonStreamWriter.m; sourceTree = "<group>"; };
		6D0A237518C8FE1D003D132A /* SBJsonStreamWriterAccumulator.h */ = {isa = PBXFileReference; fileEncoding = 4; lastKnownFileType = sourcecode.c.h; path = SBJsonStreamWriterAccumulator.h; sourceTree = "<group>"; };
		6D0A237618C8FE1D003D132A /* SBJsonStreamWriterAccumulator.m */ = {isa = PBXFileReference; fileEncoding = 4; lastKnownFileType = sourcecode.c.objc; path = SBJsonStreamWriterAccumulator.m; sourceTree = "<group>"; };
		6D0A237718C8FE1D003D132A /* SBJsonStreamWriterState.h */ = {isa = PBXFileReference; fileEncoding = 4; lastKnownFileType = sourcecode.c.h; path = SBJsonStreamWriterState.h; sourceTree = "<group>"; };
		6D0A237818C8FE1D003D132A /* SBJsonStreamWriterState.m */ = {isa = PBXFileReference; fileEncoding = 4; lastKnownFileType = sourcecode.c.objc; path = SBJsonStreamWriterState.m; sourceTree = "<group>"; };
		6D0A237918C8FE1D003D132A /* SBJsonTokeniser.h */ = {isa = PBXFileReference; fileEncoding = 4; lastKnownFileType = sourcecode.c.h; path = SBJsonTokeniser.h; sourceTree = "<group>"; };
		6D0A237A18C8FE1D003D132A /* SBJsonTokeniser.m */ = {isa = PBXFileReference; fileEncoding = 4; lastKnownFileType = sourcecode.c.objc; path = SBJsonTokeniser.m; sourceTree = "<group>"; };
		6D0A237B18C8FE1D003D132A /* SBJsonUTF8Stream.h */ = {isa = PBXFileReference; fileEncoding = 4; lastKnownFileType = sourcecode.c.h; path = SBJsonUTF8Stream.h; sourceTree = "<group>"; };
		6D0A237C18C8FE1D003D132A /* SBJsonUTF8Stream.m */ = {isa = PBXFileReference; fileEncoding = 4; lastKnownFileType = sourcecode.c.objc; path = SBJsonUTF8Stream.m; sourceTree = "<group>"; };
		6D0A237D18C8FE1D003D132A /* SBJsonWriter.h */ = {isa = PBXFileReference; fileEncoding = 4; lastKnownFileType = sourcecode.c.h; path = SBJsonWriter.h; sourceTree = "<group>"; };
		6D0A237E18C8FE1D003D132A /* SBJsonWriter.m */ = {isa = PBXFileReference; fileEncoding = 4; lastKnownFileType = sourcecode.c.objc; path = SBJsonWriter.m; sourceTree = "<group>"; };
		6DB99F5A18CA129B00C59B64 /* Lato-Light.ttf */ = {isa = PBXFileReference; lastKnownFileType = file; path = "Lato-Light.ttf"; sourceTree = "<group>"; };
		F5628C6F18D4F33600BB1460 /* davut.png */ = {isa = PBXFileReference; lastKnownFileType = image.png; path = davut.png; sourceTree = "<group>"; };
		F5628C7018D4F33600BB1460 /* meryem.png */ = {isa = PBXFileReference; lastKnownFileType = image.png; path = meryem.png; sourceTree = "<group>"; };
		F5628C7118D4F33600BB1460 /* said.png */ = {isa = PBXFileReference; lastKnownFileType = image.png; path = said.png; sourceTree = "<group>"; };
/* End PBXFileReference section */

/* Begin PBXFrameworksBuildPhase section */
		6D0A22E318C8DC51003D132A /* Frameworks */ = {
			isa = PBXFrameworksBuildPhase;
			buildActionMask = 2147483647;
			files = (
				6D0A22EC18C8DC51003D132A /* CoreGraphics.framework in Frameworks */,
				6D0A22EE18C8DC51003D132A /* UIKit.framework in Frameworks */,
				6D0A22EA18C8DC51003D132A /* Foundation.framework in Frameworks */,
			);
			runOnlyForDeploymentPostprocessing = 0;
		};
		6D0A22FE18C8DC51003D132A /* Frameworks */ = {
			isa = PBXFrameworksBuildPhase;
			buildActionMask = 2147483647;
			files = (
				6D0A230318C8DC51003D132A /* XCTest.framework in Frameworks */,
				6D0A230518C8DC51003D132A /* UIKit.framework in Frameworks */,
				6D0A230418C8DC51003D132A /* Foundation.framework in Frameworks */,
			);
			runOnlyForDeploymentPostprocessing = 0;
		};
/* End PBXFrameworksBuildPhase section */

/* Begin PBXGroup section */
		685DE50A18CA8283007BD897 /* TLAboutCellViewController */ = {
			isa = PBXGroup;
			children = (
				685DE50518CA827A007BD897 /* TLAboutCellViewController.h */,
				685DE50618CA827A007BD897 /* TLAboutCellViewController.m */,
				6837652718D5EC5B00F66DC1 /* TLAboutCellViewController_3.xib */,
				6837652118D5EAB200F66DC1 /* TLAboutCellViewController_4.xib */,
			);
			name = TLAboutCellViewController;
			sourceTree = "<group>";
		};
		6892345318CFAFCF00F51295 /* Fonts */ = {
			isa = PBXGroup;
			children = (
				6DB99F5A18CA129B00C59B64 /* Lato-Light.ttf */,
				6892345418CFAFEE00F51295 /* Lato-Black.ttf */,
				6892345518CFAFEE00F51295 /* Lato-BlackItalic.ttf */,
				6892345618CFAFEE00F51295 /* Lato-Bold.ttf */,
				6892345718CFAFEE00F51295 /* Lato-BoldItalic.ttf */,
				6892345818CFAFEE00F51295 /* Lato-Hairline.ttf */,
				6892345918CFAFEE00F51295 /* Lato-HairlineItalic.ttf */,
				6892345A18CFAFEE00F51295 /* Lato-Heavy.ttf */,
				6892345B18CFAFEE00F51295 /* Lato-HeavyItalic.ttf */,
				6892345C18CFAFEE00F51295 /* Lato-Italic.ttf */,
				6892345D18CFAFEE00F51295 /* Lato-LightItalic.ttf */,
				6892345E18CFAFEE00F51295 /* Lato-Medium.ttf */,
				6892345F18CFAFEE00F51295 /* Lato-MediumItalic.ttf */,
				6892346018CFAFEE00F51295 /* Lato-Regular.ttf */,
				6892346118CFAFEE00F51295 /* Lato-Semibold.ttf */,
				6892346218CFAFEE00F51295 /* Lato-SemiboldItalic.ttf */,
			);
			name = Fonts;
			sourceTree = "<group>";
		};
		6892347118CFC10D00F51295 /* Icons */ = {
			isa = PBXGroup;
			children = (
				F5628C6F18D4F33600BB1460 /* davut.png */,
				F5628C7018D4F33600BB1460 /* meryem.png */,
				F5628C7118D4F33600BB1460 /* said.png */,
				6892347818CFC59F00F51295 /* foodLight.png */,
				6892347B18CFC59F00F51295 /* foodLight@2x.png */,
				6892347618CFC59F00F51295 /* TeamLight.png */,
				6892347C18CFC59F00F51295 /* TeamLight@2x.png */,
				6892347D18CFC59F00F51295 /* foodDark.png */,
				6892347A18CFC59F00F51295 /* foodDark@2x.png */,
				6892347718CFC59F00F51295 /* TeamDark.png */,
				6892347918CFC59F00F51295 /* TeamDark@2x.png */,
				68A6683B18D64B2600CDA1A0 /* forward_tapped.png */,
				68A6683C18D64B2600CDA1A0 /* forward.png */,
				68A6683D18D64B2600CDA1A0 /* back.png */,
				68A6683E18D64B2600CDA1A0 /* back_tapped.png */,
				68A6684318D64CF700CDA1A0 /* refresh.png */,
				68A6684418D64CF700CDA1A0 /* refresh_tapped.png */,
				686BE09C18D659F00026D9A7 /* refresh_disabled.png */,
				686BE09D18D659F00026D9A7 /* back_disabled.png */,
				686BE09E18D659F00026D9A7 /* forward_disabled.png */,
			);
			name = Icons;
			path = Classes;
			sourceTree = "<group>";
		};
		68F1B7EE18C20C95004F2436 /* TLWebViewController */ = {
			isa = PBXGroup;
			children = (
				68F1B7E918C20C90004F2436 /* TLWebViewController.h */,
				68F1B7EA18C20C90004F2436 /* TLWebViewController.m */,
				6837652918D5ED1C00F66DC1 /* TLWebViewController_3.xib */,
				68F1B7EB18C20C90004F2436 /* TLWebViewController_4.xib */,
			);
			name = TLWebViewController;
			sourceTree = "<group>";
		};
		6D0A22DD18C8DC51003D132A = {
			isa = PBXGroup;
			children = (
				685DE50D18CA92F9007BD897 /* TeamAboutList.plist */,
				686BE09A18D659A70026D9A7 /* api.plist */,
				6D0A22EF18C8DC51003D132A /* YTUYemekhaneIOS */,
				6D0A230818C8DC51003D132A /* YTUYemekhaneIOSTests */,
				6D0A22E818C8DC51003D132A /* Frameworks */,
				6D0A22E718C8DC51003D132A /* Products */,
			);
			sourceTree = "<group>";
		};
		6D0A22E718C8DC51003D132A /* Products */ = {
			isa = PBXGroup;
			children = (
				6D0A22E618C8DC51003D132A /* YTUYemekhaneIOS.app */,
				6D0A230118C8DC51003D132A /* YTUYemekhaneIOSTests.xctest */,
			);
			name = Products;
			sourceTree = "<group>";
		};
		6D0A22E818C8DC51003D132A /* Frameworks */ = {
			isa = PBXGroup;
			children = (
				6D0A22E918C8DC51003D132A /* Foundation.framework */,
				6D0A22EB18C8DC51003D132A /* CoreGraphics.framework */,
				6D0A22ED18C8DC51003D132A /* UIKit.framework */,
				6D0A230218C8DC51003D132A /* XCTest.framework */,
			);
			name = Frameworks;
			sourceTree = "<group>";
		};
		6D0A22EF18C8DC51003D132A /* YTUYemekhaneIOS */ = {
			isa = PBXGroup;
			children = (
				6D0A231E18C8DCF4003D132A /* TLAppDelegate */,
				6D0A231D18C8DCDD003D132A /* TLFoodViweController */,
				6D0A233018C8F736003D132A /* TLFoodCellViewController */,
				6D0A232418C8F0D4003D132A /* TLAboutViewController */,
				685DE50A18CA8283007BD897 /* TLAboutCellViewController */,
				68F1B7EE18C20C95004F2436 /* TLWebViewController */,
				6D0A233118C8FC03003D132A /* AFNetworking */,
				6D0A22FB18C8DC51003D132A /* Images.xcassets */,
				6892345318CFAFCF00F51295 /* Fonts */,
				6892347118CFC10D00F51295 /* Icons */,
				6D0A236518C8FE1D003D132A /* SBJson */,
				6D0A22F018C8DC51003D132A /* Supporting Files */,
			);
			path = YTUYemekhaneIOS;
			sourceTree = "<group>";
		};
		6D0A22F018C8DC51003D132A /* Supporting Files */ = {
			isa = PBXGroup;
			children = (
				6D0A22F118C8DC51003D132A /* YTUYemekhaneIOS-Info.plist */,
				6D0A22F218C8DC51003D132A /* InfoPlist.strings */,
				6D0A22F518C8DC51003D132A /* main.m */,
				6D0A22F718C8DC51003D132A /* YTUYemekhaneIOS-Prefix.pch */,
			);
			name = "Supporting Files";
			sourceTree = "<group>";
		};
		6D0A230818C8DC51003D132A /* YTUYemekhaneIOSTests */ = {
			isa = PBXGroup;
			children = (
				6D0A230E18C8DC51003D132A /* YTUYemekhaneIOSTests.m */,
				6D0A230918C8DC51003D132A /* Supporting Files */,
			);
			path = YTUYemekhaneIOSTests;
			sourceTree = "<group>";
		};
		6D0A230918C8DC51003D132A /* Supporting Files */ = {
			isa = PBXGroup;
			children = (
				6D0A230A18C8DC51003D132A /* YTUYemekhaneIOSTests-Info.plist */,
				6D0A230B18C8DC51003D132A /* InfoPlist.strings */,
			);
			name = "Supporting Files";
			sourceTree = "<group>";
		};
		6D0A231D18C8DCDD003D132A /* TLFoodViweController */ = {
			isa = PBXGroup;
			children = (
				6D0A231818C8DCCF003D132A /* TLFoodViewController.h */,
				6D0A231918C8DCCF003D132A /* TLFoodViewController.m */,
				6D0A231A18C8DCCF003D132A /* TLFoodViewController_4.xib */,
				6837651B18D5E75E00F66DC1 /* TLFoodViewController_3.xib */,
			);
			name = TLFoodViweController;
			path = ..;
			sourceTree = "<group>";
		};
		6D0A231E18C8DCF4003D132A /* TLAppDelegate */ = {
			isa = PBXGroup;
			children = (
				6D0A22F818C8DC51003D132A /* TLAppDelegate.h */,
				6D0A22F918C8DC51003D132A /* TLAppDelegate.m */,
			);
			name = TLAppDelegate;
			sourceTree = "<group>";
		};
		6D0A232418C8F0D4003D132A /* TLAboutViewController */ = {
			isa = PBXGroup;
			children = (
				6D0A231F18C8F0CF003D132A /* TLAboutViewController.h */,
				6D0A232018C8F0CF003D132A /* TLAboutViewController.m */,
				6837652318D5EAC200F66DC1 /* TLAboutViewController_3.xib */,
				6837652418D5EAC200F66DC1 /* TLAboutViewController_4.xib */,
			);
			name = TLAboutViewController;
			sourceTree = "<group>";
		};
		6D0A233018C8F736003D132A /* TLFoodCellViewController */ = {
			isa = PBXGroup;
			children = (
				6D0A232B18C8F641003D132A /* TLFoodCellViewController.h */,
				6D0A232C18C8F641003D132A /* TLFoodCellViewController.m */,
				6D0A232D18C8F641003D132A /* TLFoodCellViewController.xib */,
			);
			name = TLFoodCellViewController;
			path = ..;
			sourceTree = "<group>";
		};
		6D0A233118C8FC03003D132A /* AFNetworking */ = {
			isa = PBXGroup;
			children = (
				6D0A233218C8FC03003D132A /* AFHTTPRequestOperation.h */,
				6D0A233318C8FC03003D132A /* AFHTTPRequestOperation.m */,
				6D0A233418C8FC03003D132A /* AFHTTPRequestOperationManager.h */,
				6D0A233518C8FC03003D132A /* AFHTTPRequestOperationManager.m */,
				6D0A233618C8FC03003D132A /* AFHTTPSessionManager.h */,
				6D0A233718C8FC03003D132A /* AFHTTPSessionManager.m */,
				6D0A233818C8FC03003D132A /* AFNetworking.h */,
				6D0A233918C8FC03003D132A /* AFNetworkReachabilityManager.h */,
				6D0A233A18C8FC03003D132A /* AFNetworkReachabilityManager.m */,
				6D0A233B18C8FC03003D132A /* AFSecurityPolicy.h */,
				6D0A233C18C8FC03003D132A /* AFSecurityPolicy.m */,
				6D0A233D18C8FC03003D132A /* AFURLConnectionOperation.h */,
				6D0A233E18C8FC03003D132A /* AFURLConnectionOperation.m */,
				6D0A233F18C8FC03003D132A /* AFURLRequestSerialization.h */,
				6D0A234018C8FC03003D132A /* AFURLRequestSerialization.m */,
				6D0A234118C8FC03003D132A /* AFURLResponseSerialization.h */,
				6D0A234218C8FC03003D132A /* AFURLResponseSerialization.m */,
				6D0A234318C8FC03003D132A /* AFURLSessionManager.h */,
				6D0A234418C8FC03003D132A /* AFURLSessionManager.m */,
			);
			path = AFNetworking;
			sourceTree = "<group>";
		};
		6D0A236518C8FE1D003D132A /* SBJson */ = {
			isa = PBXGroup;
			children = (
				6D0A236618C8FE1D003D132A /* NSObject+SBJson.h */,
				6D0A236718C8FE1D003D132A /* NSObject+SBJson.m */,
				6D0A236818C8FE1D003D132A /* SBJson.h */,
				6D0A236918C8FE1D003D132A /* SBJsonParser.h */,
				6D0A236A18C8FE1D003D132A /* SBJsonParser.m */,
				6D0A236B18C8FE1D003D132A /* SBJsonStreamParser.h */,
				6D0A236C18C8FE1D003D132A /* SBJsonStreamParser.m */,
				6D0A236D18C8FE1D003D132A /* SBJsonStreamParserAccumulator.h */,
				6D0A236E18C8FE1D003D132A /* SBJsonStreamParserAccumulator.m */,
				6D0A236F18C8FE1D003D132A /* SBJsonStreamParserAdapter.h */,
				6D0A237018C8FE1D003D132A /* SBJsonStreamParserAdapter.m */,
				6D0A237118C8FE1D003D132A /* SBJsonStreamParserState.h */,
				6D0A237218C8FE1D003D132A /* SBJsonStreamParserState.m */,
				6D0A237318C8FE1D003D132A /* SBJsonStreamWriter.h */,
				6D0A237418C8FE1D003D132A /* SBJsonStreamWriter.m */,
				6D0A237518C8FE1D003D132A /* SBJsonStreamWriterAccumulator.h */,
				6D0A237618C8FE1D003D132A /* SBJsonStreamWriterAccumulator.m */,
				6D0A237718C8FE1D003D132A /* SBJsonStreamWriterState.h */,
				6D0A237818C8FE1D003D132A /* SBJsonStreamWriterState.m */,
				6D0A237918C8FE1D003D132A /* SBJsonTokeniser.h */,
				6D0A237A18C8FE1D003D132A /* SBJsonTokeniser.m */,
				6D0A237B18C8FE1D003D132A /* SBJsonUTF8Stream.h */,
				6D0A237C18C8FE1D003D132A /* SBJsonUTF8Stream.m */,
				6D0A237D18C8FE1D003D132A /* SBJsonWriter.h */,
				6D0A237E18C8FE1D003D132A /* SBJsonWriter.m */,
			);
			name = SBJson;
			path = Classes;
			sourceTree = "<group>";
		};
/* End PBXGroup section */

/* Begin PBXNativeTarget section */
		6D0A22E518C8DC51003D132A /* YTUYemekhaneIOS */ = {
			isa = PBXNativeTarget;
			buildConfigurationList = 6D0A231218C8DC51003D132A /* Build configuration list for PBXNativeTarget "YTUYemekhaneIOS" */;
			buildPhases = (
				6D0A22E218C8DC51003D132A /* Sources */,
				6D0A22E318C8DC51003D132A /* Frameworks */,
				6D0A22E418C8DC51003D132A /* Resources */,
			);
			buildRules = (
			);
			dependencies = (
			);
			name = YTUYemekhaneIOS;
			productName = YTUYemekhaneIOS;
			productReference = 6D0A22E618C8DC51003D132A /* YTUYemekhaneIOS.app */;
			productType = "com.apple.product-type.application";
		};
		6D0A230018C8DC51003D132A /* YTUYemekhaneIOSTests */ = {
			isa = PBXNativeTarget;
			buildConfigurationList = 6D0A231518C8DC51003D132A /* Build configuration list for PBXNativeTarget "YTUYemekhaneIOSTests" */;
			buildPhases = (
				6D0A22FD18C8DC51003D132A /* Sources */,
				6D0A22FE18C8DC51003D132A /* Frameworks */,
				6D0A22FF18C8DC51003D132A /* Resources */,
			);
			buildRules = (
			);
			dependencies = (
				6D0A230718C8DC51003D132A /* PBXTargetDependency */,
			);
			name = YTUYemekhaneIOSTests;
			productName = YTUYemekhaneIOSTests;
			productReference = 6D0A230118C8DC51003D132A /* YTUYemekhaneIOSTests.xctest */;
			productType = "com.apple.product-type.bundle.unit-test";
		};
/* End PBXNativeTarget section */

/* Begin PBXProject section */
		6D0A22DE18C8DC51003D132A /* Project object */ = {
			isa = PBXProject;
			attributes = {
				CLASSPREFIX = TL;
				LastUpgradeCheck = 0500;
				ORGANIZATIONNAME = TowerLabs;
				TargetAttributes = {
					6D0A230018C8DC51003D132A = {
						TestTargetID = 6D0A22E518C8DC51003D132A;
					};
				};
			};
			buildConfigurationList = 6D0A22E118C8DC51003D132A /* Build configuration list for PBXProject "YTUYemekhaneIOS" */;
			compatibilityVersion = "Xcode 3.2";
			developmentRegion = English;
			hasScannedForEncodings = 0;
			knownRegions = (
				en,
			);
			mainGroup = 6D0A22DD18C8DC51003D132A;
			productRefGroup = 6D0A22E718C8DC51003D132A /* Products */;
			projectDirPath = "";
			projectRoot = "";
			targets = (
				6D0A22E518C8DC51003D132A /* YTUYemekhaneIOS */,
				6D0A230018C8DC51003D132A /* YTUYemekhaneIOSTests */,
			);
		};
/* End PBXProject section */

/* Begin PBXResourcesBuildPhase section */
		6D0A22E418C8DC51003D132A /* Resources */ = {
			isa = PBXResourcesBuildPhase;
			buildActionMask = 2147483647;
			files = (
				6892347F18CFC59F00F51295 /* TeamDark.png in Resources */,
				6892348418CFC59F00F51295 /* TeamLight@2x.png in Resources */,
				F5628C7318D4F33600BB1460 /* meryem.png in Resources */,
				686BE0A118D659F00026D9A7 /* forward_disabled.png in Resources */,
				6892348118CFC59F00F51295 /* TeamDark@2x.png in Resources */,
				68A6684018D64B2600CDA1A0 /* forward.png in Resources */,
				6837652618D5EAC200F66DC1 /* TLAboutViewController_4.xib in Resources */,
				6892346318CFB67000F51295 /* Lato-Black.ttf in Resources */,
				686BE09F18D659F00026D9A7 /* refresh_disabled.png in Resources */,
				6892346418CFB67000F51295 /* Lato-BlackItalic.ttf in Resources */,
				6892346518CFB67000F51295 /* Lato-Bold.ttf in Resources */,
				6892346618CFB67000F51295 /* Lato-BoldItalic.ttf in Resources */,
				6892348218CFC59F00F51295 /* foodDark@2x.png in Resources */,
				6892346718CFB67000F51295 /* Lato-Hairline.ttf in Resources */,
				6892348518CFC59F00F51295 /* foodDark.png in Resources */,
				686BE0A018D659F00026D9A7 /* back_disabled.png in Resources */,
				6837652818D5EC5B00F66DC1 /* TLAboutCellViewController_3.xib in Resources */,
				68A6684618D64CF700CDA1A0 /* refresh_tapped.png in Resources */,
				6837652218D5EAB200F66DC1 /* TLAboutCellViewController_4.xib in Resources */,
				6892346818CFB67000F51295 /* Lato-HairlineItalic.ttf in Resources */,
				6892346918CFB67000F51295 /* Lato-Heavy.ttf in Resources */,
				6892346A18CFB67000F51295 /* Lato-HeavyItalic.ttf in Resources */,
				F5628C7218D4F33600BB1460 /* davut.png in Resources */,
				6892346B18CFB67000F51295 /* Lato-LightItalic.ttf in Resources */,
				6892346C18CFB67000F51295 /* Lato-Medium.ttf in Resources */,
				6892346D18CFB67000F51295 /* Lato-MediumItalic.ttf in Resources */,
				68A6684218D64B2600CDA1A0 /* back_tapped.png in Resources */,
				6892346E18CFB67000F51295 /* Lato-Regular.ttf in Resources */,
				6892346F18CFB67000F51295 /* Lato-Semibold.ttf in Resources */,
				6892347018CFB67000F51295 /* Lato-SemiboldItalic.ttf in Resources */,
				F5628C7418D4F33600BB1460 /* said.png in Resources */,
				6892348318CFC59F00F51295 /* foodLight@2x.png in Resources */,
				6837652518D5EAC200F66DC1 /* TLAboutViewController_3.xib in Resources */,
				6892347E18CFC59F00F51295 /* TeamLight.png in Resources */,
				6837651C18D5E75E00F66DC1 /* TLFoodViewController_3.xib in Resources */,
				685DE50F18CA94EE007BD897 /* TeamAboutList.plist in Resources */,
				68F1B7ED18C20C90004F2436 /* TLWebViewController_4.xib in Resources */,
				68A6684518D64CF700CDA1A0 /* refresh.png in Resources */,
				68A6684118D64B2600CDA1A0 /* back.png in Resources */,
				68A6683F18D64B2600CDA1A0 /* forward_tapped.png in Resources */,
				6892348018CFC59F00F51295 /* foodLight.png in Resources */,
				6837652A18D5ED1C00F66DC1 /* TLWebViewController_3.xib in Resources */,
				6D0A232F18C8F641003D132A /* TLFoodCellViewController.xib in Resources */,
				686BE09B18D659A70026D9A7 /* api.plist in Resources */,
				6D0A231C18C8DCCF003D132A /* TLFoodViewController_4.xib in Resources */,
				6DB99F5B18CA129B00C59B64 /* Lato-Light.ttf in Resources */,
				6D0A22F418C8DC51003D132A /* InfoPlist.strings in Resources */,
				6D0A22FC18C8DC51003D132A /* Images.xcassets in Resources */,
			);
			runOnlyForDeploymentPostprocessing = 0;
		};
		6D0A22FF18C8DC51003D132A /* Resources */ = {
			isa = PBXResourcesBuildPhase;
			buildActionMask = 2147483647;
			files = (
				6D0A230D18C8DC51003D132A /* InfoPlist.strings in Resources */,
				685DE50E18CA92F9007BD897 /* TeamAboutList.plist in Resources */,
			);
			runOnlyForDeploymentPostprocessing = 0;
		};
/* End PBXResourcesBuildPhase section */

/* Begin PBXSourcesBuildPhase section */
		6D0A22E218C8DC51003D132A /* Sources */ = {
			isa = PBXSourcesBuildPhase;
			buildActionMask = 2147483647;
			files = (
				6D0A234A18C8FC03003D132A /* AFURLConnectionOperation.m in Sources */,
				6D0A238A18C8FE1D003D132A /* SBJsonWriter.m in Sources */,
				6D0A234518C8FC03003D132A /* AFHTTPRequestOperation.m in Sources */,
				6D0A238218C8FE1D003D132A /* SBJsonStreamParserAccumulator.m in Sources */,
				6D0A234818C8FC03003D132A /* AFNetworkReachabilityManager.m in Sources */,
				68F1B7EC18C20C90004F2436 /* TLWebViewController.m in Sources */,
				685DE50818CA827A007BD897 /* TLAboutCellViewController.m in Sources */,
				6D0A238518C8FE1D003D132A /* SBJsonStreamWriter.m in Sources */,
				6D0A234D18C8FC03003D132A /* AFURLSessionManager.m in Sources */,
				6D0A238318C8FE1D003D132A /* SBJsonStreamParserAdapter.m in Sources */,
				6D0A234B18C8FC03003D132A /* AFURLRequestSerialization.m in Sources */,
				6D0A238618C8FE1D003D132A /* SBJsonStreamWriterAccumulator.m in Sources */,
				6D0A238018C8FE1D003D132A /* SBJsonParser.m in Sources */,
				6D0A232E18C8F641003D132A /* TLFoodCellViewController.m in Sources */,
				6D0A238718C8FE1D003D132A /* SBJsonStreamWriterState.m in Sources */,
				6D0A234C18C8FC03003D132A /* AFURLResponseSerialization.m in Sources */,
				6D0A238118C8FE1D003D132A /* SBJsonStreamParser.m in Sources */,
				6D0A232218C8F0CF003D132A /* TLAboutViewController.m in Sources */,
				6D0A231B18C8DCCF003D132A /* TLFoodViewController.m in Sources */,
				6D0A238418C8FE1D003D132A /* SBJsonStreamParserState.m in Sources */,
				6D0A234618C8FC03003D132A /* AFHTTPRequestOperationManager.m in Sources */,
				6D0A234918C8FC03003D132A /* AFSecurityPolicy.m in Sources */,
				6D0A22FA18C8DC51003D132A /* TLAppDelegate.m in Sources */,
				6D0A22F618C8DC51003D132A /* main.m in Sources */,
				6D0A237F18C8FE1D003D132A /* NSObject+SBJson.m in Sources */,
				6D0A234718C8FC03003D132A /* AFHTTPSessionManager.m in Sources */,
				6D0A238918C8FE1D003D132A /* SBJsonUTF8Stream.m in Sources */,
				6D0A238818C8FE1D003D132A /* SBJsonTokeniser.m in Sources */,
			);
			runOnlyForDeploymentPostprocessing = 0;
		};
		6D0A22FD18C8DC51003D132A /* Sources */ = {
			isa = PBXSourcesBuildPhase;
			buildActionMask = 2147483647;
			files = (
				6D0A230F18C8DC51003D132A /* YTUYemekhaneIOSTests.m in Sources */,
			);
			runOnlyForDeploymentPostprocessing = 0;
		};
/* End PBXSourcesBuildPhase section */

/* Begin PBXTargetDependency section */
		6D0A230718C8DC51003D132A /* PBXTargetDependency */ = {
			isa = PBXTargetDependency;
			target = 6D0A22E518C8DC51003D132A /* YTUYemekhaneIOS */;
			targetProxy = 6D0A230618C8DC51003D132A /* PBXContainerItemProxy */;
		};
/* End PBXTargetDependency section */

/* Begin PBXVariantGroup section */
		6D0A22F218C8DC51003D132A /* InfoPlist.strings */ = {
			isa = PBXVariantGroup;
			children = (
				6D0A22F318C8DC51003D132A /* en */,
			);
			name = InfoPlist.strings;
			sourceTree = "<group>";
		};
		6D0A230B18C8DC51003D132A /* InfoPlist.strings */ = {
			isa = PBXVariantGroup;
			children = (
				6D0A230C18C8DC51003D132A /* en */,
			);
			name = InfoPlist.strings;
			sourceTree = "<group>";
		};
/* End PBXVariantGroup section */

/* Begin XCBuildConfiguration section */
		6D0A231018C8DC51003D132A /* Debug */ = {
			isa = XCBuildConfiguration;
			buildSettings = {
				ALWAYS_SEARCH_USER_PATHS = NO;
				ARCHS = "$(ARCHS_STANDARD_INCLUDING_64_BIT)";
				CLANG_CXX_LANGUAGE_STANDARD = "gnu++0x";
				CLANG_CXX_LIBRARY = "libc++";
				CLANG_ENABLE_MODULES = YES;
				CLANG_ENABLE_OBJC_ARC = YES;
				CLANG_WARN_BOOL_CONVERSION = YES;
				CLANG_WARN_CONSTANT_CONVERSION = YES;
				CLANG_WARN_DIRECT_OBJC_ISA_USAGE = YES_ERROR;
				CLANG_WARN_EMPTY_BODY = YES;
				CLANG_WARN_ENUM_CONVERSION = YES;
				CLANG_WARN_INT_CONVERSION = YES;
				CLANG_WARN_OBJC_ROOT_CLASS = YES_ERROR;
				CLANG_WARN__DUPLICATE_METHOD_MATCH = YES;
				CODE_SIGN_IDENTITY = "iPhone Developer";
				"CODE_SIGN_IDENTITY[sdk=iphoneos*]" = "iPhone Developer";
				COPY_PHASE_STRIP = NO;
				GCC_C_LANGUAGE_STANDARD = gnu99;
				GCC_DYNAMIC_NO_PIC = NO;
				GCC_OPTIMIZATION_LEVEL = 0;
				GCC_PREPROCESSOR_DEFINITIONS = (
					"DEBUG=1",
					"$(inherited)",
				);
				GCC_SYMBOLS_PRIVATE_EXTERN = NO;
				GCC_WARN_64_TO_32_BIT_CONVERSION = YES;
				GCC_WARN_ABOUT_RETURN_TYPE = YES_ERROR;
				GCC_WARN_UNDECLARED_SELECTOR = YES;
				GCC_WARN_UNINITIALIZED_AUTOS = YES;
				GCC_WARN_UNUSED_FUNCTION = YES;
				GCC_WARN_UNUSED_VARIABLE = YES;
				IPHONEOS_DEPLOYMENT_TARGET = 7.0;
				ONLY_ACTIVE_ARCH = YES;
				SDKROOT = iphoneos;
			};
			name = Debug;
		};
		6D0A231118C8DC51003D132A /* Release */ = {
			isa = XCBuildConfiguration;
			buildSettings = {
				ALWAYS_SEARCH_USER_PATHS = NO;
				ARCHS = "$(ARCHS_STANDARD_INCLUDING_64_BIT)";
				CLANG_CXX_LANGUAGE_STANDARD = "gnu++0x";
				CLANG_CXX_LIBRARY = "libc++";
				CLANG_ENABLE_MODULES = YES;
				CLANG_ENABLE_OBJC_ARC = YES;
				CLANG_WARN_BOOL_CONVERSION = YES;
				CLANG_WARN_CONSTANT_CONVERSION = YES;
				CLANG_WARN_DIRECT_OBJC_ISA_USAGE = YES_ERROR;
				CLANG_WARN_EMPTY_BODY = YES;
				CLANG_WARN_ENUM_CONVERSION = YES;
				CLANG_WARN_INT_CONVERSION = YES;
				CLANG_WARN_OBJC_ROOT_CLASS = YES_ERROR;
				CLANG_WARN__DUPLICATE_METHOD_MATCH = YES;
				CODE_SIGN_IDENTITY = "iPhone Developer";
				"CODE_SIGN_IDENTITY[sdk=iphoneos*]" = "iPhone Developer";
				COPY_PHASE_STRIP = YES;
				ENABLE_NS_ASSERTIONS = NO;
				GCC_C_LANGUAGE_STANDARD = gnu99;
				GCC_WARN_64_TO_32_BIT_CONVERSION = YES;
				GCC_WARN_ABOUT_RETURN_TYPE = YES_ERROR;
				GCC_WARN_UNDECLARED_SELECTOR = YES;
				GCC_WARN_UNINITIALIZED_AUTOS = YES;
				GCC_WARN_UNUSED_FUNCTION = YES;
				GCC_WARN_UNUSED_VARIABLE = YES;
				IPHONEOS_DEPLOYMENT_TARGET = 7.0;
				SDKROOT = iphoneos;
				VALIDATE_PRODUCT = YES;
			};
			name = Release;
		};
		6D0A231318C8DC51003D132A /* Debug */ = {
			isa = XCBuildConfiguration;
			buildSettings = {
				ASSETCATALOG_COMPILER_APPICON_NAME = AppIcon;
				ASSETCATALOG_COMPILER_LAUNCHIMAGE_NAME = LaunchImage;
				GCC_PRECOMPILE_PREFIX_HEADER = YES;
				GCC_PREFIX_HEADER = "YTUYemekhaneIOS/YTUYemekhaneIOS-Prefix.pch";
				INFOPLIST_FILE = "YTUYemekhaneIOS/YTUYemekhaneIOS-Info.plist";
				PRODUCT_NAME = "$(TARGET_NAME)";
				WRAPPER_EXTENSION = app;
			};
			name = Debug;
		};
		6D0A231418C8DC51003D132A /* Release */ = {
			isa = XCBuildConfiguration;
			buildSettings = {
				ASSETCATALOG_COMPILER_APPICON_NAME = AppIcon;
				ASSETCATALOG_COMPILER_LAUNCHIMAGE_NAME = LaunchImage;
				GCC_PRECOMPILE_PREFIX_HEADER = YES;
				GCC_PREFIX_HEADER = "YTUYemekhaneIOS/YTUYemekhaneIOS-Prefix.pch";
				INFOPLIST_FILE = "YTUYemekhaneIOS/YTUYemekhaneIOS-Info.plist";
				PRODUCT_NAME = "$(TARGET_NAME)";
				WRAPPER_EXTENSION = app;
			};
			name = Release;
		};
		6D0A231618C8DC51003D132A /* Debug */ = {
			isa = XCBuildConfiguration;
			buildSettings = {
				ARCHS = "$(ARCHS_STANDARD_INCLUDING_64_BIT)";
				BUNDLE_LOADER = "$(BUILT_PRODUCTS_DIR)/YTUYemekhaneIOS.app/YTUYemekhaneIOS";
				FRAMEWORK_SEARCH_PATHS = (
					"$(SDKROOT)/Developer/Library/Frameworks",
					"$(inherited)",
					"$(DEVELOPER_FRAMEWORKS_DIR)",
				);
				GCC_PRECOMPILE_PREFIX_HEADER = YES;
				GCC_PREFIX_HEADER = "YTUYemekhaneIOS/YTUYemekhaneIOS-Prefix.pch";
				GCC_PREPROCESSOR_DEFINITIONS = (
					"DEBUG=1",
					"$(inherited)",
				);
				INFOPLIST_FILE = "YTUYemekhaneIOSTests/YTUYemekhaneIOSTests-Info.plist";
				PRODUCT_NAME = "$(TARGET_NAME)";
				TEST_HOST = "$(BUNDLE_LOADER)";
				WRAPPER_EXTENSION = xctest;
			};
			name = Debug;
		};
		6D0A231718C8DC51003D132A /* Release */ = {
			isa = XCBuildConfiguration;
			buildSettings = {
				ARCHS = "$(ARCHS_STANDARD_INCLUDING_64_BIT)";
				BUNDLE_LOADER = "$(BUILT_PRODUCTS_DIR)/YTUYemekhaneIOS.app/YTUYemekhaneIOS";
				FRAMEWORK_SEARCH_PATHS = (
					"$(SDKROOT)/Developer/Library/Frameworks",
					"$(inherited)",
					"$(DEVELOPER_FRAMEWORKS_DIR)",
				);
				GCC_PRECOMPILE_PREFIX_HEADER = YES;
				GCC_PREFIX_HEADER = "YTUYemekhaneIOS/YTUYemekhaneIOS-Prefix.pch";
				INFOPLIST_FILE = "YTUYemekhaneIOSTests/YTUYemekhaneIOSTests-Info.plist";
				PRODUCT_NAME = "$(TARGET_NAME)";
				TEST_HOST = "$(BUNDLE_LOADER)";
				WRAPPER_EXTENSION = xctest;
			};
			name = Release;
		};
/* End XCBuildConfiguration section */

/* Begin XCConfigurationList section */
		6D0A22E118C8DC51003D132A /* Build configuration list for PBXProject "YTUYemekhaneIOS" */ = {
			isa = XCConfigurationList;
			buildConfigurations = (
				6D0A231018C8DC51003D132A /* Debug */,
				6D0A231118C8DC51003D132A /* Release */,
			);
			defaultConfigurationIsVisible = 0;
			defaultConfigurationName = Release;
		};
		6D0A231218C8DC51003D132A /* Build configuration list for PBXNativeTarget "YTUYemekhaneIOS" */ = {
			isa = XCConfigurationList;
			buildConfigurations = (
				6D0A231318C8DC51003D132A /* Debug */,
				6D0A231418C8DC51003D132A /* Release */,
			);
			defaultConfigurationIsVisible = 0;
			defaultConfigurationName = Release;
		};
		6D0A231518C8DC51003D132A /* Build configuration list for PBXNativeTarget "YTUYemekhaneIOSTests" */ = {
			isa = XCConfigurationList;
			buildConfigurations = (
				6D0A231618C8DC51003D132A /* Debug */,
				6D0A231718C8DC51003D132A /* Release */,
			);
			defaultConfigurationIsVisible = 0;
			defaultConfigurationName = Release;
		};
/* End XCConfigurationList section */
	};
	rootObject = 6D0A22DE18C8DC51003D132A /* Project object */;
}
