// !$*UTF8*$!
{
	archiveVersion = 1;
	classes = {
	};
	objectVersion = 46;
	objects = {

/* Begin PBXBuildFile section */
		6D0A22EA18C8DC51003D132A /* Foundation.framework in Frameworks */ = {isa = PBXBuildFile; fileRef = 6D0A22E918C8DC51003D132A /* Foundation.framework */; };
		6D0A22EC18C8DC51003D132A /* CoreGraphics.framework in Frameworks */ = {isa = PBXBuildFile; fileRef = 6D0A22EB18C8DC51003D132A /* CoreGraphics.framework */; };
		6D0A22EE18C8DC51003D132A /* UIKit.framework in Frameworks */ = {isa = PBXBuildFile; fileRef = 6D0A22ED18C8DC51003D132A /* UIKit.framework */; };
		6D0A22FC18C8DC51003D132A /* Images.xcassets in Resources */ = {isa = PBXBuildFile; fileRef = 6D0A22FB18C8DC51003D132A /* Images.xcassets */; };
		F59183F518DDE140009A3861 /* YTUYemekhaneIOS-Info.plist in Resources */ = {isa = PBXBuildFile; fileRef = F59183F418DDE140009A3861 /* YTUYemekhaneIOS-Info.plist */; };
		F5C4BC2B18DDD996008141D5 /* TLFoodCellViewController.m in Sources */ = {isa = PBXBuildFile; fileRef = F5C4BC2918DDD996008141D5 /* TLFoodCellViewController.m */; };
		F5C4BC2C18DDD996008141D5 /* TLFoodCellViewController.xib in Resources */ = {isa = PBXBuildFile; fileRef = F5C4BC2A18DDD996008141D5 /* TLFoodCellViewController.xib */; };
		F5C4BC2F18DDD9AF008141D5 /* TLFoodViewController_3.xib in Resources */ = {isa = PBXBuildFile; fileRef = F5C4BC2D18DDD9AF008141D5 /* TLFoodViewController_3.xib */; };
		F5C4BC3018DDD9AF008141D5 /* TLFoodViewController_4.xib in Resources */ = {isa = PBXBuildFile; fileRef = F5C4BC2E18DDD9AF008141D5 /* TLFoodViewController_4.xib */; };
		F5C4BC3318DDD9CD008141D5 /* TLFoodViewController.m in Sources */ = {isa = PBXBuildFile; fileRef = F5C4BC3218DDD9CD008141D5 /* TLFoodViewController.m */; };
		F5C4BC3518DDDA28008141D5 /* TeamAboutList.plist in Resources */ = {isa = PBXBuildFile; fileRef = F5C4BC3418DDDA28008141D5 /* TeamAboutList.plist */; };
		F5C4BC4618DDDA3E008141D5 /* Lato-Black.ttf in Resources */ = {isa = PBXBuildFile; fileRef = F5C4BC3618DDDA3D008141D5 /* Lato-Black.ttf */; };
		F5C4BC4718DDDA3E008141D5 /* Lato-BlackItalic.ttf in Resources */ = {isa = PBXBuildFile; fileRef = F5C4BC3718DDDA3D008141D5 /* Lato-BlackItalic.ttf */; };
		F5C4BC4818DDDA3E008141D5 /* Lato-Bold.ttf in Resources */ = {isa = PBXBuildFile; fileRef = F5C4BC3818DDDA3D008141D5 /* Lato-Bold.ttf */; };
		F5C4BC4918DDDA3E008141D5 /* Lato-BoldItalic.ttf in Resources */ = {isa = PBXBuildFile; fileRef = F5C4BC3918DDDA3D008141D5 /* Lato-BoldItalic.ttf */; };
		F5C4BC4A18DDDA3E008141D5 /* Lato-Hairline.ttf in Resources */ = {isa = PBXBuildFile; fileRef = F5C4BC3A18DDDA3D008141D5 /* Lato-Hairline.ttf */; };
		F5C4BC4B18DDDA3E008141D5 /* Lato-HairlineItalic.ttf in Resources */ = {isa = PBXBuildFile; fileRef = F5C4BC3B18DDDA3D008141D5 /* Lato-HairlineItalic.ttf */; };
		F5C4BC4C18DDDA3E008141D5 /* Lato-Heavy.ttf in Resources */ = {isa = PBXBuildFile; fileRef = F5C4BC3C18DDDA3D008141D5 /* Lato-Heavy.ttf */; };
		F5C4BC4D18DDDA3E008141D5 /* Lato-HeavyItalic.ttf in Resources */ = {isa = PBXBuildFile; fileRef = F5C4BC3D18DDDA3D008141D5 /* Lato-HeavyItalic.ttf */; };
		F5C4BC4E18DDDA3E008141D5 /* Lato-Italic.ttf in Resources */ = {isa = PBXBuildFile; fileRef = F5C4BC3E18DDDA3D008141D5 /* Lato-Italic.ttf */; };
		F5C4BC4F18DDDA3E008141D5 /* Lato-Light.ttf in Resources */ = {isa = PBXBuildFile; fileRef = F5C4BC3F18DDDA3D008141D5 /* Lato-Light.ttf */; };
		F5C4BC5018DDDA3E008141D5 /* Lato-LightItalic.ttf in Resources */ = {isa = PBXBuildFile; fileRef = F5C4BC4018DDDA3D008141D5 /* Lato-LightItalic.ttf */; };
		F5C4BC5118DDDA3E008141D5 /* Lato-Medium.ttf in Resources */ = {isa = PBXBuildFile; fileRef = F5C4BC4118DDDA3D008141D5 /* Lato-Medium.ttf */; };
		F5C4BC5218DDDA3E008141D5 /* Lato-MediumItalic.ttf in Resources */ = {isa = PBXBuildFile; fileRef = F5C4BC4218DDDA3D008141D5 /* Lato-MediumItalic.ttf */; };
		F5C4BC5318DDDA3E008141D5 /* Lato-Regular.ttf in Resources */ = {isa = PBXBuildFile; fileRef = F5C4BC4318DDDA3D008141D5 /* Lato-Regular.ttf */; };
		F5C4BC5418DDDA3E008141D5 /* Lato-Semibold.ttf in Resources */ = {isa = PBXBuildFile; fileRef = F5C4BC4418DDDA3D008141D5 /* Lato-Semibold.ttf */; };
		F5C4BC5518DDDA3E008141D5 /* Lato-SemiboldItalic.ttf in Resources */ = {isa = PBXBuildFile; fileRef = F5C4BC4518DDDA3D008141D5 /* Lato-SemiboldItalic.ttf */; };
		F5C4BC6918DDDA71008141D5 /* AFHTTPRequestOperation.m in Sources */ = {isa = PBXBuildFile; fileRef = F5C4BC5718DDDA71008141D5 /* AFHTTPRequestOperation.m */; };
		F5C4BC6A18DDDA71008141D5 /* AFHTTPRequestOperationManager.m in Sources */ = {isa = PBXBuildFile; fileRef = F5C4BC5918DDDA71008141D5 /* AFHTTPRequestOperationManager.m */; };
		F5C4BC6B18DDDA71008141D5 /* AFHTTPSessionManager.m in Sources */ = {isa = PBXBuildFile; fileRef = F5C4BC5B18DDDA71008141D5 /* AFHTTPSessionManager.m */; };
		F5C4BC6C18DDDA71008141D5 /* AFNetworkReachabilityManager.m in Sources */ = {isa = PBXBuildFile; fileRef = F5C4BC5E18DDDA71008141D5 /* AFNetworkReachabilityManager.m */; };
		F5C4BC6D18DDDA71008141D5 /* AFSecurityPolicy.m in Sources */ = {isa = PBXBuildFile; fileRef = F5C4BC6018DDDA71008141D5 /* AFSecurityPolicy.m */; };
		F5C4BC6E18DDDA71008141D5 /* AFURLConnectionOperation.m in Sources */ = {isa = PBXBuildFile; fileRef = F5C4BC6218DDDA71008141D5 /* AFURLConnectionOperation.m */; };
		F5C4BC6F18DDDA71008141D5 /* AFURLRequestSerialization.m in Sources */ = {isa = PBXBuildFile; fileRef = F5C4BC6418DDDA71008141D5 /* AFURLRequestSerialization.m */; };
		F5C4BC7018DDDA71008141D5 /* AFURLResponseSerialization.m in Sources */ = {isa = PBXBuildFile; fileRef = F5C4BC6618DDDA71008141D5 /* AFURLResponseSerialization.m */; };
		F5C4BC7118DDDA71008141D5 /* AFURLSessionManager.m in Sources */ = {isa = PBXBuildFile; fileRef = F5C4BC6818DDDA71008141D5 /* AFURLSessionManager.m */; };
		F5C4BC8B18DDDACE008141D5 /* NSObject+SBJson.m in Sources */ = {isa = PBXBuildFile; fileRef = F5C4BC7318DDDACE008141D5 /* NSObject+SBJson.m */; };
		F5C4BC8C18DDDACE008141D5 /* SBJsonParser.m in Sources */ = {isa = PBXBuildFile; fileRef = F5C4BC7618DDDACE008141D5 /* SBJsonParser.m */; };
		F5C4BC8D18DDDACE008141D5 /* SBJsonStreamParser.m in Sources */ = {isa = PBXBuildFile; fileRef = F5C4BC7818DDDACE008141D5 /* SBJsonStreamParser.m */; };
		F5C4BC8E18DDDACE008141D5 /* SBJsonStreamParserAccumulator.m in Sources */ = {isa = PBXBuildFile; fileRef = F5C4BC7A18DDDACE008141D5 /* SBJsonStreamParserAccumulator.m */; };
		F5C4BC8F18DDDACE008141D5 /* SBJsonStreamParserAdapter.m in Sources */ = {isa = PBXBuildFile; fileRef = F5C4BC7C18DDDACE008141D5 /* SBJsonStreamParserAdapter.m */; };
		F5C4BC9018DDDACE008141D5 /* SBJsonStreamParserState.m in Sources */ = {isa = PBXBuildFile; fileRef = F5C4BC7E18DDDACE008141D5 /* SBJsonStreamParserState.m */; };
		F5C4BC9118DDDACE008141D5 /* SBJsonStreamWriter.m in Sources */ = {isa = PBXBuildFile; fileRef = F5C4BC8018DDDACE008141D5 /* SBJsonStreamWriter.m */; };
		F5C4BC9218DDDACE008141D5 /* SBJsonStreamWriterAccumulator.m in Sources */ = {isa = PBXBuildFile; fileRef = F5C4BC8218DDDACE008141D5 /* SBJsonStreamWriterAccumulator.m */; };
		F5C4BC9318DDDACE008141D5 /* SBJsonStreamWriterState.m in Sources */ = {isa = PBXBuildFile; fileRef = F5C4BC8418DDDACE008141D5 /* SBJsonStreamWriterState.m */; };
		F5C4BC9418DDDACE008141D5 /* SBJsonTokeniser.m in Sources */ = {isa = PBXBuildFile; fileRef = F5C4BC8618DDDACE008141D5 /* SBJsonTokeniser.m */; };
		F5C4BC9518DDDACE008141D5 /* SBJsonUTF8Stream.m in Sources */ = {isa = PBXBuildFile; fileRef = F5C4BC8818DDDACE008141D5 /* SBJsonUTF8Stream.m */; };
		F5C4BC9618DDDACE008141D5 /* SBJsonWriter.m in Sources */ = {isa = PBXBuildFile; fileRef = F5C4BC8A18DDDACE008141D5 /* SBJsonWriter.m */; };
		F5C4BCAB18DDDB14008141D5 /* back_disabled.png in Resources */ = {isa = PBXBuildFile; fileRef = F5C4BC9718DDDB14008141D5 /* back_disabled.png */; };
		F5C4BCAC18DDDB14008141D5 /* back_tapped.png in Resources */ = {isa = PBXBuildFile; fileRef = F5C4BC9818DDDB14008141D5 /* back_tapped.png */; };
		F5C4BCAD18DDDB14008141D5 /* back.png in Resources */ = {isa = PBXBuildFile; fileRef = F5C4BC9918DDDB14008141D5 /* back.png */; };
		F5C4BCAE18DDDB14008141D5 /* davut.png in Resources */ = {isa = PBXBuildFile; fileRef = F5C4BC9A18DDDB14008141D5 /* davut.png */; };
		F5C4BCAF18DDDB14008141D5 /* foodDark.png in Resources */ = {isa = PBXBuildFile; fileRef = F5C4BC9B18DDDB14008141D5 /* foodDark.png */; };
		F5C4BCB018DDDB14008141D5 /* foodDark@2x.png in Resources */ = {isa = PBXBuildFile; fileRef = F5C4BC9C18DDDB14008141D5 /* foodDark@2x.png */; };
		F5C4BCB118DDDB14008141D5 /* foodLight.png in Resources */ = {isa = PBXBuildFile; fileRef = F5C4BC9D18DDDB14008141D5 /* foodLight.png */; };
		F5C4BCB218DDDB14008141D5 /* foodLight@2x.png in Resources */ = {isa = PBXBuildFile; fileRef = F5C4BC9E18DDDB14008141D5 /* foodLight@2x.png */; };
		F5C4BCB318DDDB14008141D5 /* forward_disabled.png in Resources */ = {isa = PBXBuildFile; fileRef = F5C4BC9F18DDDB14008141D5 /* forward_disabled.png */; };
		F5C4BCB418DDDB14008141D5 /* forward_tapped.png in Resources */ = {isa = PBXBuildFile; fileRef = F5C4BCA018DDDB14008141D5 /* forward_tapped.png */; };
		F5C4BCB518DDDB14008141D5 /* forward.png in Resources */ = {isa = PBXBuildFile; fileRef = F5C4BCA118DDDB14008141D5 /* forward.png */; };
		F5C4BCB618DDDB14008141D5 /* meryem.png in Resources */ = {isa = PBXBuildFile; fileRef = F5C4BCA218DDDB14008141D5 /* meryem.png */; };
		F5C4BCB718DDDB14008141D5 /* refresh_disabled.png in Resources */ = {isa = PBXBuildFile; fileRef = F5C4BCA318DDDB14008141D5 /* refresh_disabled.png */; };
		F5C4BCB818DDDB14008141D5 /* refresh_tapped.png in Resources */ = {isa = PBXBuildFile; fileRef = F5C4BCA418DDDB14008141D5 /* refresh_tapped.png */; };
		F5C4BCB918DDDB14008141D5 /* refresh.png in Resources */ = {isa = PBXBuildFile; fileRef = F5C4BCA518DDDB14008141D5 /* refresh.png */; };
		F5C4BCBA18DDDB14008141D5 /* said.png in Resources */ = {isa = PBXBuildFile; fileRef = F5C4BCA618DDDB14008141D5 /* said.png */; };
		F5C4BCBB18DDDB14008141D5 /* TeamDark.png in Resources */ = {isa = PBXBuildFile; fileRef = F5C4BCA718DDDB14008141D5 /* TeamDark.png */; };
		F5C4BCBC18DDDB14008141D5 /* TeamDark@2x.png in Resources */ = {isa = PBXBuildFile; fileRef = F5C4BCA818DDDB14008141D5 /* TeamDark@2x.png */; };
		F5C4BCBD18DDDB14008141D5 /* TeamLight.png in Resources */ = {isa = PBXBuildFile; fileRef = F5C4BCA918DDDB14008141D5 /* TeamLight.png */; };
		F5C4BCBE18DDDB14008141D5 /* TeamLight@2x.png in Resources */ = {isa = PBXBuildFile; fileRef = F5C4BCAA18DDDB14008141D5 /* TeamLight@2x.png */; };
		F5C4BCC318DDDB6F008141D5 /* TLAboutViewController_3.xib in Resources */ = {isa = PBXBuildFile; fileRef = F5C4BCBF18DDDB6F008141D5 /* TLAboutViewController_3.xib */; };
		F5C4BCC418DDDB6F008141D5 /* TLAboutViewController_4.xib in Resources */ = {isa = PBXBuildFile; fileRef = F5C4BCC018DDDB6F008141D5 /* TLAboutViewController_4.xib */; };
		F5C4BCC518DDDB6F008141D5 /* TLAboutViewController.m in Sources */ = {isa = PBXBuildFile; fileRef = F5C4BCC218DDDB6F008141D5 /* TLAboutViewController.m */; };
		F5C4BCCA18DDDB97008141D5 /* TLAboutCellViewController_3.xib in Resources */ = {isa = PBXBuildFile; fileRef = F5C4BCC618DDDB97008141D5 /* TLAboutCellViewController_3.xib */; };
		F5C4BCCB18DDDB97008141D5 /* TLAboutCellViewController_4.xib in Resources */ = {isa = PBXBuildFile; fileRef = F5C4BCC718DDDB97008141D5 /* TLAboutCellViewController_4.xib */; };
		F5C4BCCC18DDDB97008141D5 /* TLAboutCellViewController.m in Sources */ = {isa = PBXBuildFile; fileRef = F5C4BCC918DDDB97008141D5 /* TLAboutCellViewController.m */; };
		F5C4BCCF18DDDBC2008141D5 /* TLAppDelegate.m in Sources */ = {isa = PBXBuildFile; fileRef = F5C4BCCE18DDDBC2008141D5 /* TLAppDelegate.m */; };
		F5C4BCD418DDDBE5008141D5 /* TLWebViewController_3.xib in Resources */ = {isa = PBXBuildFile; fileRef = F5C4BCD018DDDBE5008141D5 /* TLWebViewController_3.xib */; };
		F5C4BCD518DDDBE5008141D5 /* TLWebViewController_4.xib in Resources */ = {isa = PBXBuildFile; fileRef = F5C4BCD118DDDBE5008141D5 /* TLWebViewController_4.xib */; };
		F5C4BCD618DDDBE5008141D5 /* TLWebViewController.m in Sources */ = {isa = PBXBuildFile; fileRef = F5C4BCD318DDDBE5008141D5 /* TLWebViewController.m */; };
		F5C4BCDB18DDDC09008141D5 /* main.m in Sources */ = {isa = PBXBuildFile; fileRef = F5C4BCDA18DDDC09008141D5 /* main.m */; };
		F5C4BCE218DDDD29008141D5 /* InfoPlist.strings in Resources */ = {isa = PBXBuildFile; fileRef = F5C4BCE018DDDD29008141D5 /* InfoPlist.strings */; };
		F5C4BCE418DDDD3F008141D5 /* api.plist in Resources */ = {isa = PBXBuildFile; fileRef = F5C4BCE318DDDD3F008141D5 /* api.plist */; };
/* End PBXBuildFile section */

/* Begin PBXFileReference section */
		6D0A22E618C8DC51003D132A /* YTUYemekhaneIOS.app */ = {isa = PBXFileReference; explicitFileType = wrapper.application; includeInIndex = 0; path = YTUYemekhaneIOS.app; sourceTree = BUILT_PRODUCTS_DIR; };
		6D0A22E918C8DC51003D132A /* Foundation.framework */ = {isa = PBXFileReference; lastKnownFileType = wrapper.framework; name = Foundation.framework; path = System/Library/Frameworks/Foundation.framework; sourceTree = SDKROOT; };
		6D0A22EB18C8DC51003D132A /* CoreGraphics.framework */ = {isa = PBXFileReference; lastKnownFileType = wrapper.framework; name = CoreGraphics.framework; path = System/Library/Frameworks/CoreGraphics.framework; sourceTree = SDKROOT; };
		6D0A22ED18C8DC51003D132A /* UIKit.framework */ = {isa = PBXFileReference; lastKnownFileType = wrapper.framework; name = UIKit.framework; path = System/Library/Frameworks/UIKit.framework; sourceTree = SDKROOT; };
		6D0A22FB18C8DC51003D132A /* Images.xcassets */ = {isa = PBXFileReference; lastKnownFileType = folder.assetcatalog; path = Images.xcassets; sourceTree = "<group>"; };
		6D0A230218C8DC51003D132A /* XCTest.framework */ = {isa = PBXFileReference; lastKnownFileType = wrapper.framework; name = XCTest.framework; path = Library/Frameworks/XCTest.framework; sourceTree = DEVELOPER_DIR; };
		F59183F318DDE0EE009A3861 /* YTUYemekhaneIOS-Prefix.pch */ = {isa = PBXFileReference; fileEncoding = 4; lastKnownFileType = sourcecode.c.h; path = "YTUYemekhaneIOS-Prefix.pch"; sourceTree = "<group>"; };
		F59183F418DDE140009A3861 /* YTUYemekhaneIOS-Info.plist */ = {isa = PBXFileReference; fileEncoding = 4; lastKnownFileType = text.plist.xml; path = "YTUYemekhaneIOS-Info.plist"; sourceTree = "<group>"; };
		F5C4BC2818DDD996008141D5 /* TLFoodCellViewController.h */ = {isa = PBXFileReference; fileEncoding = 4; lastKnownFileType = sourcecode.c.h; name = TLFoodCellViewController.h; path = Classes/TLFoodCellViewController.h; sourceTree = "<group>"; };
		F5C4BC2918DDD996008141D5 /* TLFoodCellViewController.m */ = {isa = PBXFileReference; fileEncoding = 4; lastKnownFileType = sourcecode.c.objc; name = TLFoodCellViewController.m; path = Classes/TLFoodCellViewController.m; sourceTree = "<group>"; };
		F5C4BC2A18DDD996008141D5 /* TLFoodCellViewController.xib */ = {isa = PBXFileReference; fileEncoding = 4; lastKnownFileType = file.xib; name = TLFoodCellViewController.xib; path = Classes/TLFoodCellViewController.xib; sourceTree = "<group>"; };
		F5C4BC2D18DDD9AF008141D5 /* TLFoodViewController_3.xib */ = {isa = PBXFileReference; fileEncoding = 4; lastKnownFileType = file.xib; name = TLFoodViewController_3.xib; path = Classes/TLFoodViewController_3.xib; sourceTree = "<group>"; };
		F5C4BC2E18DDD9AF008141D5 /* TLFoodViewController_4.xib */ = {isa = PBXFileReference; fileEncoding = 4; lastKnownFileType = file.xib; name = TLFoodViewController_4.xib; path = Classes/TLFoodViewController_4.xib; sourceTree = "<group>"; };
		F5C4BC3118DDD9CD008141D5 /* TLFoodViewController.h */ = {isa = PBXFileReference; fileEncoding = 4; lastKnownFileType = sourcecode.c.h; name = TLFoodViewController.h; path = Classes/TLFoodViewController.h; sourceTree = "<group>"; };
		F5C4BC3218DDD9CD008141D5 /* TLFoodViewController.m */ = {isa = PBXFileReference; fileEncoding = 4; lastKnownFileType = sourcecode.c.objc; name = TLFoodViewController.m; path = Classes/TLFoodViewController.m; sourceTree = "<group>"; };
		F5C4BC3418DDDA28008141D5 /* TeamAboutList.plist */ = {isa = PBXFileReference; fileEncoding = 4; lastKnownFileType = text.plist.xml; name = TeamAboutList.plist; path = assets/source/TeamAboutList.plist; sourceTree = "<group>"; };
		F5C4BC3618DDDA3D008141D5 /* Lato-Black.ttf */ = {isa = PBXFileReference; lastKnownFileType = file; name = "Lato-Black.ttf"; path = "assets/fonts/Lato-Black.ttf"; sourceTree = SOURCE_ROOT; };
		F5C4BC3718DDDA3D008141D5 /* Lato-BlackItalic.ttf */ = {isa = PBXFileReference; lastKnownFileType = file; name = "Lato-BlackItalic.ttf"; path = "assets/fonts/Lato-BlackItalic.ttf"; sourceTree = SOURCE_ROOT; };
		F5C4BC3818DDDA3D008141D5 /* Lato-Bold.ttf */ = {isa = PBXFileReference; lastKnownFileType = file; name = "Lato-Bold.ttf"; path = "assets/fonts/Lato-Bold.ttf"; sourceTree = SOURCE_ROOT; };
		F5C4BC3918DDDA3D008141D5 /* Lato-BoldItalic.ttf */ = {isa = PBXFileReference; lastKnownFileType = file; name = "Lato-BoldItalic.ttf"; path = "assets/fonts/Lato-BoldItalic.ttf"; sourceTree = SOURCE_ROOT; };
		F5C4BC3A18DDDA3D008141D5 /* Lato-Hairline.ttf */ = {isa = PBXFileReference; lastKnownFileType = file; name = "Lato-Hairline.ttf"; path = "assets/fonts/Lato-Hairline.ttf"; sourceTree = SOURCE_ROOT; };
		F5C4BC3B18DDDA3D008141D5 /* Lato-HairlineItalic.ttf */ = {isa = PBXFileReference; lastKnownFileType = file; name = "Lato-HairlineItalic.ttf"; path = "assets/fonts/Lato-HairlineItalic.ttf"; sourceTree = SOURCE_ROOT; };
		F5C4BC3C18DDDA3D008141D5 /* Lato-Heavy.ttf */ = {isa = PBXFileReference; lastKnownFileType = file; name = "Lato-Heavy.ttf"; path = "assets/fonts/Lato-Heavy.ttf"; sourceTree = SOURCE_ROOT; };
		F5C4BC3D18DDDA3D008141D5 /* Lato-HeavyItalic.ttf */ = {isa = PBXFileReference; lastKnownFileType = file; name = "Lato-HeavyItalic.ttf"; path = "assets/fonts/Lato-HeavyItalic.ttf"; sourceTree = SOURCE_ROOT; };
		F5C4BC3E18DDDA3D008141D5 /* Lato-Italic.ttf */ = {isa = PBXFileReference; lastKnownFileType = file; name = "Lato-Italic.ttf"; path = "assets/fonts/Lato-Italic.ttf"; sourceTree = SOURCE_ROOT; };
		F5C4BC3F18DDDA3D008141D5 /* Lato-Light.ttf */ = {isa = PBXFileReference; lastKnownFileType = file; name = "Lato-Light.ttf"; path = "assets/fonts/Lato-Light.ttf"; sourceTree = SOURCE_ROOT; };
		F5C4BC4018DDDA3D008141D5 /* Lato-LightItalic.ttf */ = {isa = PBXFileReference; lastKnownFileType = file; name = "Lato-LightItalic.ttf"; path = "assets/fonts/Lato-LightItalic.ttf"; sourceTree = SOURCE_ROOT; };
		F5C4BC4118DDDA3D008141D5 /* Lato-Medium.ttf */ = {isa = PBXFileReference; lastKnownFileType = file; name = "Lato-Medium.ttf"; path = "assets/fonts/Lato-Medium.ttf"; sourceTree = SOURCE_ROOT; };
		F5C4BC4218DDDA3D008141D5 /* Lato-MediumItalic.ttf */ = {isa = PBXFileReference; lastKnownFileType = file; name = "Lato-MediumItalic.ttf"; path = "assets/fonts/Lato-MediumItalic.ttf"; sourceTree = SOURCE_ROOT; };
		F5C4BC4318DDDA3D008141D5 /* Lato-Regular.ttf */ = {isa = PBXFileReference; lastKnownFileType = file; name = "Lato-Regular.ttf"; path = "assets/fonts/Lato-Regular.ttf"; sourceTree = SOURCE_ROOT; };
		F5C4BC4418DDDA3D008141D5 /* Lato-Semibold.ttf */ = {isa = PBXFileReference; lastKnownFileType = file; name = "Lato-Semibold.ttf"; path = "assets/fonts/Lato-Semibold.ttf"; sourceTree = SOURCE_ROOT; };
		F5C4BC4518DDDA3D008141D5 /* Lato-SemiboldItalic.ttf */ = {isa = PBXFileReference; lastKnownFileType = file; name = "Lato-SemiboldItalic.ttf"; path = "assets/fonts/Lato-SemiboldItalic.ttf"; sourceTree = SOURCE_ROOT; };
		F5C4BC5618DDDA71008141D5 /* AFHTTPRequestOperation.h */ = {isa = PBXFileReference; fileEncoding = 4; lastKnownFileType = sourcecode.c.h; name = AFHTTPRequestOperation.h; path = vendor/AFNetworking/AFHTTPRequestOperation.h; sourceTree = SOURCE_ROOT; };
		F5C4BC5718DDDA71008141D5 /* AFHTTPRequestOperation.m */ = {isa = PBXFileReference; fileEncoding = 4; lastKnownFileType = sourcecode.c.objc; name = AFHTTPRequestOperation.m; path = vendor/AFNetworking/AFHTTPRequestOperation.m; sourceTree = SOURCE_ROOT; };
		F5C4BC5818DDDA71008141D5 /* AFHTTPRequestOperationManager.h */ = {isa = PBXFileReference; fileEncoding = 4; lastKnownFileType = sourcecode.c.h; name = AFHTTPRequestOperationManager.h; path = vendor/AFNetworking/AFHTTPRequestOperationManager.h; sourceTree = SOURCE_ROOT; };
		F5C4BC5918DDDA71008141D5 /* AFHTTPRequestOperationManager.m */ = {isa = PBXFileReference; fileEncoding = 4; lastKnownFileType = sourcecode.c.objc; name = AFHTTPRequestOperationManager.m; path = vendor/AFNetworking/AFHTTPRequestOperationManager.m; sourceTree = SOURCE_ROOT; };
		F5C4BC5A18DDDA71008141D5 /* AFHTTPSessionManager.h */ = {isa = PBXFileReference; fileEncoding = 4; lastKnownFileType = sourcecode.c.h; name = AFHTTPSessionManager.h; path = vendor/AFNetworking/AFHTTPSessionManager.h; sourceTree = SOURCE_ROOT; };
		F5C4BC5B18DDDA71008141D5 /* AFHTTPSessionManager.m */ = {isa = PBXFileReference; fileEncoding = 4; lastKnownFileType = sourcecode.c.objc; name = AFHTTPSessionManager.m; path = vendor/AFNetworking/AFHTTPSessionManager.m; sourceTree = SOURCE_ROOT; };
		F5C4BC5C18DDDA71008141D5 /* AFNetworking.h */ = {isa = PBXFileReference; fileEncoding = 4; lastKnownFileType = sourcecode.c.h; name = AFNetworking.h; path = vendor/AFNetworking/AFNetworking.h; sourceTree = SOURCE_ROOT; };
		F5C4BC5D18DDDA71008141D5 /* AFNetworkReachabilityManager.h */ = {isa = PBXFileReference; fileEncoding = 4; lastKnownFileType = sourcecode.c.h; name = AFNetworkReachabilityManager.h; path = vendor/AFNetworking/AFNetworkReachabilityManager.h; sourceTree = SOURCE_ROOT; };
		F5C4BC5E18DDDA71008141D5 /* AFNetworkReachabilityManager.m */ = {isa = PBXFileReference; fileEncoding = 4; lastKnownFileType = sourcecode.c.objc; name = AFNetworkReachabilityManager.m; path = vendor/AFNetworking/AFNetworkReachabilityManager.m; sourceTree = SOURCE_ROOT; };
		F5C4BC5F18DDDA71008141D5 /* AFSecurityPolicy.h */ = {isa = PBXFileReference; fileEncoding = 4; lastKnownFileType = sourcecode.c.h; name = AFSecurityPolicy.h; path = vendor/AFNetworking/AFSecurityPolicy.h; sourceTree = SOURCE_ROOT; };
		F5C4BC6018DDDA71008141D5 /* AFSecurityPolicy.m */ = {isa = PBXFileReference; fileEncoding = 4; lastKnownFileType = sourcecode.c.objc; name = AFSecurityPolicy.m; path = vendor/AFNetworking/AFSecurityPolicy.m; sourceTree = SOURCE_ROOT; };
		F5C4BC6118DDDA71008141D5 /* AFURLConnectionOperation.h */ = {isa = PBXFileReference; fileEncoding = 4; lastKnownFileType = sourcecode.c.h; name = AFURLConnectionOperation.h; path = vendor/AFNetworking/AFURLConnectionOperation.h; sourceTree = SOURCE_ROOT; };
		F5C4BC6218DDDA71008141D5 /* AFURLConnectionOperation.m */ = {isa = PBXFileReference; fileEncoding = 4; lastKnownFileType = sourcecode.c.objc; name = AFURLConnectionOperation.m; path = vendor/AFNetworking/AFURLConnectionOperation.m; sourceTree = SOURCE_ROOT; };
		F5C4BC6318DDDA71008141D5 /* AFURLRequestSerialization.h */ = {isa = PBXFileReference; fileEncoding = 4; lastKnownFileType = sourcecode.c.h; name = AFURLRequestSerialization.h; path = vendor/AFNetworking/AFURLRequestSerialization.h; sourceTree = SOURCE_ROOT; };
		F5C4BC6418DDDA71008141D5 /* AFURLRequestSerialization.m */ = {isa = PBXFileReference; fileEncoding = 4; lastKnownFileType = sourcecode.c.objc; name = AFURLRequestSerialization.m; path = vendor/AFNetworking/AFURLRequestSerialization.m; sourceTree = SOURCE_ROOT; };
		F5C4BC6518DDDA71008141D5 /* AFURLResponseSerialization.h */ = {isa = PBXFileReference; fileEncoding = 4; lastKnownFileType = sourcecode.c.h; name = AFURLResponseSerialization.h; path = vendor/AFNetworking/AFURLResponseSerialization.h; sourceTree = SOURCE_ROOT; };
		F5C4BC6618DDDA71008141D5 /* AFURLResponseSerialization.m */ = {isa = PBXFileReference; fileEncoding = 4; lastKnownFileType = sourcecode.c.objc; name = AFURLResponseSerialization.m; path = vendor/AFNetworking/AFURLResponseSerialization.m; sourceTree = SOURCE_ROOT; };
		F5C4BC6718DDDA71008141D5 /* AFURLSessionManager.h */ = {isa = PBXFileReference; fileEncoding = 4; lastKnownFileType = sourcecode.c.h; name = AFURLSessionManager.h; path = vendor/AFNetworking/AFURLSessionManager.h; sourceTree = SOURCE_ROOT; };
		F5C4BC6818DDDA71008141D5 /* AFURLSessionManager.m */ = {isa = PBXFileReference; fileEncoding = 4; lastKnownFileType = sourcecode.c.objc; name = AFURLSessionManager.m; path = vendor/AFNetworking/AFURLSessionManager.m; sourceTree = SOURCE_ROOT; };
		F5C4BC7218DDDACE008141D5 /* NSObject+SBJson.h */ = {isa = PBXFileReference; fileEncoding = 4; lastKnownFileType = sourcecode.c.h; name = "NSObject+SBJson.h"; path = "vendor/SBJSON/NSObject+SBJson.h"; sourceTree = SOURCE_ROOT; };
		F5C4BC7318DDDACE008141D5 /* NSObject+SBJson.m */ = {isa = PBXFileReference; fileEncoding = 4; lastKnownFileType = sourcecode.c.objc; name = "NSObject+SBJson.m"; path = "vendor/SBJSON/NSObject+SBJson.m"; sourceTree = SOURCE_ROOT; };
		F5C4BC7418DDDACE008141D5 /* SBJson.h */ = {isa = PBXFileReference; fileEncoding = 4; lastKnownFileType = sourcecode.c.h; name = SBJson.h; path = vendor/SBJSON/SBJson.h; sourceTree = SOURCE_ROOT; };
		F5C4BC7518DDDACE008141D5 /* SBJsonParser.h */ = {isa = PBXFileReference; fileEncoding = 4; lastKnownFileType = sourcecode.c.h; name = SBJsonParser.h; path = vendor/SBJSON/SBJsonParser.h; sourceTree = SOURCE_ROOT; };
		F5C4BC7618DDDACE008141D5 /* SBJsonParser.m */ = {isa = PBXFileReference; fileEncoding = 4; lastKnownFileType = sourcecode.c.objc; name = SBJsonParser.m; path = vendor/SBJSON/SBJsonParser.m; sourceTree = SOURCE_ROOT; };
		F5C4BC7718DDDACE008141D5 /* SBJsonStreamParser.h */ = {isa = PBXFileReference; fileEncoding = 4; lastKnownFileType = sourcecode.c.h; name = SBJsonStreamParser.h; path = vendor/SBJSON/SBJsonStreamParser.h; sourceTree = SOURCE_ROOT; };
		F5C4BC7818DDDACE008141D5 /* SBJsonStreamParser.m */ = {isa = PBXFileReference; fileEncoding = 4; lastKnownFileType = sourcecode.c.objc; name = SBJsonStreamParser.m; path = vendor/SBJSON/SBJsonStreamParser.m; sourceTree = SOURCE_ROOT; };
		F5C4BC7918DDDACE008141D5 /* SBJsonStreamParserAccumulator.h */ = {isa = PBXFileReference; fileEncoding = 4; lastKnownFileType = sourcecode.c.h; name = SBJsonStreamParserAccumulator.h; path = vendor/SBJSON/SBJsonStreamParserAccumulator.h; sourceTree = SOURCE_ROOT; };
		F5C4BC7A18DDDACE008141D5 /* SBJsonStreamParserAccumulator.m */ = {isa = PBXFileReference; fileEncoding = 4; lastKnownFileType = sourcecode.c.objc; name = SBJsonStreamParserAccumulator.m; path = vendor/SBJSON/SBJsonStreamParserAccumulator.m; sourceTree = SOURCE_ROOT; };
		F5C4BC7B18DDDACE008141D5 /* SBJsonStreamParserAdapter.h */ = {isa = PBXFileReference; fileEncoding = 4; lastKnownFileType = sourcecode.c.h; name = SBJsonStreamParserAdapter.h; path = vendor/SBJSON/SBJsonStreamParserAdapter.h; sourceTree = SOURCE_ROOT; };
		F5C4BC7C18DDDACE008141D5 /* SBJsonStreamParserAdapter.m */ = {isa = PBXFileReference; fileEncoding = 4; lastKnownFileType = sourcecode.c.objc; name = SBJsonStreamParserAdapter.m; path = vendor/SBJSON/SBJsonStreamParserAdapter.m; sourceTree = SOURCE_ROOT; };
		F5C4BC7D18DDDACE008141D5 /* SBJsonStreamParserState.h */ = {isa = PBXFileReference; fileEncoding = 4; lastKnownFileType = sourcecode.c.h; name = SBJsonStreamParserState.h; path = vendor/SBJSON/SBJsonStreamParserState.h; sourceTree = SOURCE_ROOT; };
		F5C4BC7E18DDDACE008141D5 /* SBJsonStreamParserState.m */ = {isa = PBXFileReference; fileEncoding = 4; lastKnownFileType = sourcecode.c.objc; name = SBJsonStreamParserState.m; path = vendor/SBJSON/SBJsonStreamParserState.m; sourceTree = SOURCE_ROOT; };
		F5C4BC7F18DDDACE008141D5 /* SBJsonStreamWriter.h */ = {isa = PBXFileReference; fileEncoding = 4; lastKnownFileType = sourcecode.c.h; name = SBJsonStreamWriter.h; path = vendor/SBJSON/SBJsonStreamWriter.h; sourceTree = SOURCE_ROOT; };
		F5C4BC8018DDDACE008141D5 /* SBJsonStreamWriter.m */ = {isa = PBXFileReference; fileEncoding = 4; lastKnownFileType = sourcecode.c.objc; name = SBJsonStreamWriter.m; path = vendor/SBJSON/SBJsonStreamWriter.m; sourceTree = SOURCE_ROOT; };
		F5C4BC8118DDDACE008141D5 /* SBJsonStreamWriterAccumulator.h */ = {isa = PBXFileReference; fileEncoding = 4; lastKnownFileType = sourcecode.c.h; name = SBJsonStreamWriterAccumulator.h; path = vendor/SBJSON/SBJsonStreamWriterAccumulator.h; sourceTree = SOURCE_ROOT; };
		F5C4BC8218DDDACE008141D5 /* SBJsonStreamWriterAccumulator.m */ = {isa = PBXFileReference; fileEncoding = 4; lastKnownFileType = sourcecode.c.objc; name = SBJsonStreamWriterAccumulator.m; path = vendor/SBJSON/SBJsonStreamWriterAccumulator.m; sourceTree = SOURCE_ROOT; };
		F5C4BC8318DDDACE008141D5 /* SBJsonStreamWriterState.h */ = {isa = PBXFileReference; fileEncoding = 4; lastKnownFileType = sourcecode.c.h; name = SBJsonStreamWriterState.h; path = vendor/SBJSON/SBJsonStreamWriterState.h; sourceTree = SOURCE_ROOT; };
		F5C4BC8418DDDACE008141D5 /* SBJsonStreamWriterState.m */ = {isa = PBXFileReference; fileEncoding = 4; lastKnownFileType = sourcecode.c.objc; name = SBJsonStreamWriterState.m; path = vendor/SBJSON/SBJsonStreamWriterState.m; sourceTree = SOURCE_ROOT; };
		F5C4BC8518DDDACE008141D5 /* SBJsonTokeniser.h */ = {isa = PBXFileReference; fileEncoding = 4; lastKnownFileType = sourcecode.c.h; name = SBJsonTokeniser.h; path = vendor/SBJSON/SBJsonTokeniser.h; sourceTree = SOURCE_ROOT; };
		F5C4BC8618DDDACE008141D5 /* SBJsonTokeniser.m */ = {isa = PBXFileReference; fileEncoding = 4; lastKnownFileType = sourcecode.c.objc; name = SBJsonTokeniser.m; path = vendor/SBJSON/SBJsonTokeniser.m; sourceTree = SOURCE_ROOT; };
		F5C4BC8718DDDACE008141D5 /* SBJsonUTF8Stream.h */ = {isa = PBXFileReference; fileEncoding = 4; lastKnownFileType = sourcecode.c.h; name = SBJsonUTF8Stream.h; path = vendor/SBJSON/SBJsonUTF8Stream.h; sourceTree = SOURCE_ROOT; };
		F5C4BC8818DDDACE008141D5 /* SBJsonUTF8Stream.m */ = {isa = PBXFileReference; fileEncoding = 4; lastKnownFileType = sourcecode.c.objc; name = SBJsonUTF8Stream.m; path = vendor/SBJSON/SBJsonUTF8Stream.m; sourceTree = SOURCE_ROOT; };
		F5C4BC8918DDDACE008141D5 /* SBJsonWriter.h */ = {isa = PBXFileReference; fileEncoding = 4; lastKnownFileType = sourcecode.c.h; name = SBJsonWriter.h; path = vendor/SBJSON/SBJsonWriter.h; sourceTree = SOURCE_ROOT; };
		F5C4BC8A18DDDACE008141D5 /* SBJsonWriter.m */ = {isa = PBXFileReference; fileEncoding = 4; lastKnownFileType = sourcecode.c.objc; name = SBJsonWriter.m; path = vendor/SBJSON/SBJsonWriter.m; sourceTree = SOURCE_ROOT; };
		F5C4BC9718DDDB14008141D5 /* back_disabled.png */ = {isa = PBXFileReference; lastKnownFileType = image.png; name = back_disabled.png; path = assets/images/back_disabled.png; sourceTree = SOURCE_ROOT; };
		F5C4BC9818DDDB14008141D5 /* back_tapped.png */ = {isa = PBXFileReference; lastKnownFileType = image.png; name = back_tapped.png; path = assets/images/back_tapped.png; sourceTree = SOURCE_ROOT; };
		F5C4BC9918DDDB14008141D5 /* back.png */ = {isa = PBXFileReference; lastKnownFileType = image.png; name = back.png; path = assets/images/back.png; sourceTree = SOURCE_ROOT; };
		F5C4BC9A18DDDB14008141D5 /* davut.png */ = {isa = PBXFileReference; lastKnownFileType = image.png; name = davut.png; path = assets/images/davut.png; sourceTree = SOURCE_ROOT; };
		F5C4BC9B18DDDB14008141D5 /* foodDark.png */ = {isa = PBXFileReference; lastKnownFileType = image.png; name = foodDark.png; path = assets/images/foodDark.png; sourceTree = SOURCE_ROOT; };
		F5C4BC9C18DDDB14008141D5 /* foodDark@2x.png */ = {isa = PBXFileReference; lastKnownFileType = image.png; name = "foodDark@2x.png"; path = "assets/images/foodDark@2x.png"; sourceTree = SOURCE_ROOT; };
		F5C4BC9D18DDDB14008141D5 /* foodLight.png */ = {isa = PBXFileReference; lastKnownFileType = image.png; name = foodLight.png; path = assets/images/foodLight.png; sourceTree = SOURCE_ROOT; };
		F5C4BC9E18DDDB14008141D5 /* foodLight@2x.png */ = {isa = PBXFileReference; lastKnownFileType = image.png; name = "foodLight@2x.png"; path = "assets/images/foodLight@2x.png"; sourceTree = SOURCE_ROOT; };
		F5C4BC9F18DDDB14008141D5 /* forward_disabled.png */ = {isa = PBXFileReference; lastKnownFileType = image.png; name = forward_disabled.png; path = assets/images/forward_disabled.png; sourceTree = SOURCE_ROOT; };
		F5C4BCA018DDDB14008141D5 /* forward_tapped.png */ = {isa = PBXFileReference; lastKnownFileType = image.png; name = forward_tapped.png; path = assets/images/forward_tapped.png; sourceTree = SOURCE_ROOT; };
		F5C4BCA118DDDB14008141D5 /* forward.png */ = {isa = PBXFileReference; lastKnownFileType = image.png; name = forward.png; path = assets/images/forward.png; sourceTree = SOURCE_ROOT; };
		F5C4BCA218DDDB14008141D5 /* meryem.png */ = {isa = PBXFileReference; lastKnownFileType = image.png; name = meryem.png; path = assets/images/meryem.png; sourceTree = SOURCE_ROOT; };
		F5C4BCA318DDDB14008141D5 /* refresh_disabled.png */ = {isa = PBXFileReference; lastKnownFileType = image.png; name = refresh_disabled.png; path = assets/images/refresh_disabled.png; sourceTree = SOURCE_ROOT; };
		F5C4BCA418DDDB14008141D5 /* refresh_tapped.png */ = {isa = PBXFileReference; lastKnownFileType = image.png; name = refresh_tapped.png; path = assets/images/refresh_tapped.png; sourceTree = SOURCE_ROOT; };
		F5C4BCA518DDDB14008141D5 /* refresh.png */ = {isa = PBXFileReference; lastKnownFileType = image.png; name = refresh.png; path = assets/images/refresh.png; sourceTree = SOURCE_ROOT; };
		F5C4BCA618DDDB14008141D5 /* said.png */ = {isa = PBXFileReference; lastKnownFileType = image.png; name = said.png; path = assets/images/said.png; sourceTree = SOURCE_ROOT; };
		F5C4BCA718DDDB14008141D5 /* TeamDark.png */ = {isa = PBXFileReference; lastKnownFileType = image.png; name = TeamDark.png; path = assets/images/TeamDark.png; sourceTree = SOURCE_ROOT; };
		F5C4BCA818DDDB14008141D5 /* TeamDark@2x.png */ = {isa = PBXFileReference; lastKnownFileType = image.png; name = "TeamDark@2x.png"; path = "assets/images/TeamDark@2x.png"; sourceTree = SOURCE_ROOT; };
		F5C4BCA918DDDB14008141D5 /* TeamLight.png */ = {isa = PBXFileReference; lastKnownFileType = image.png; name = TeamLight.png; path = assets/images/TeamLight.png; sourceTree = SOURCE_ROOT; };
		F5C4BCAA18DDDB14008141D5 /* TeamLight@2x.png */ = {isa = PBXFileReference; lastKnownFileType = image.png; name = "TeamLight@2x.png"; path = "assets/images/TeamLight@2x.png"; sourceTree = SOURCE_ROOT; };
		F5C4BCBF18DDDB6F008141D5 /* TLAboutViewController_3.xib */ = {isa = PBXFileReference; fileEncoding = 4; lastKnownFileType = file.xib; name = TLAboutViewController_3.xib; path = classes/TLAboutViewController_3.xib; sourceTree = SOURCE_ROOT; };
		F5C4BCC018DDDB6F008141D5 /* TLAboutViewController_4.xib */ = {isa = PBXFileReference; fileEncoding = 4; lastKnownFileType = file.xib; name = TLAboutViewController_4.xib; path = classes/TLAboutViewController_4.xib; sourceTree = SOURCE_ROOT; };
		F5C4BCC118DDDB6F008141D5 /* TLAboutViewController.h */ = {isa = PBXFileReference; fileEncoding = 4; lastKnownFileType = sourcecode.c.h; name = TLAboutViewController.h; path = classes/TLAboutViewController.h; sourceTree = SOURCE_ROOT; };
		F5C4BCC218DDDB6F008141D5 /* TLAboutViewController.m */ = {isa = PBXFileReference; fileEncoding = 4; lastKnownFileType = sourcecode.c.objc; name = TLAboutViewController.m; path = classes/TLAboutViewController.m; sourceTree = SOURCE_ROOT; };
		F5C4BCC618DDDB97008141D5 /* TLAboutCellViewController_3.xib */ = {isa = PBXFileReference; fileEncoding = 4; lastKnownFileType = file.xib; name = TLAboutCellViewController_3.xib; path = classes/TLAboutCellViewController_3.xib; sourceTree = SOURCE_ROOT; };
		F5C4BCC718DDDB97008141D5 /* TLAboutCellViewController_4.xib */ = {isa = PBXFileReference; fileEncoding = 4; lastKnownFileType = file.xib; name = TLAboutCellViewController_4.xib; path = classes/TLAboutCellViewController_4.xib; sourceTree = SOURCE_ROOT; };
		F5C4BCC818DDDB97008141D5 /* TLAboutCellViewController.h */ = {isa = PBXFileReference; fileEncoding = 4; lastKnownFileType = sourcecode.c.h; name = TLAboutCellViewController.h; path = classes/TLAboutCellViewController.h; sourceTree = SOURCE_ROOT; };
		F5C4BCC918DDDB97008141D5 /* TLAboutCellViewController.m */ = {isa = PBXFileReference; fileEncoding = 4; lastKnownFileType = sourcecode.c.objc; name = TLAboutCellViewController.m; path = classes/TLAboutCellViewController.m; sourceTree = SOURCE_ROOT; };
		F5C4BCCD18DDDBC2008141D5 /* TLAppDelegate.h */ = {isa = PBXFileReference; fileEncoding = 4; lastKnownFileType = sourcecode.c.h; name = TLAppDelegate.h; path = classes/TLAppDelegate.h; sourceTree = SOURCE_ROOT; };
		F5C4BCCE18DDDBC2008141D5 /* TLAppDelegate.m */ = {isa = PBXFileReference; fileEncoding = 4; lastKnownFileType = sourcecode.c.objc; name = TLAppDelegate.m; path = classes/TLAppDelegate.m; sourceTree = SOURCE_ROOT; };
		F5C4BCD018DDDBE5008141D5 /* TLWebViewController_3.xib */ = {isa = PBXFileReference; fileEncoding = 4; lastKnownFileType = file.xib; name = TLWebViewController_3.xib; path = classes/TLWebViewController_3.xib; sourceTree = SOURCE_ROOT; };
		F5C4BCD118DDDBE5008141D5 /* TLWebViewController_4.xib */ = {isa = PBXFileReference; fileEncoding = 4; lastKnownFileType = file.xib; name = TLWebViewController_4.xib; path = classes/TLWebViewController_4.xib; sourceTree = SOURCE_ROOT; };
		F5C4BCD218DDDBE5008141D5 /* TLWebViewController.h */ = {isa = PBXFileReference; fileEncoding = 4; lastKnownFileType = sourcecode.c.h; name = TLWebViewController.h; path = classes/TLWebViewController.h; sourceTree = SOURCE_ROOT; };
		F5C4BCD318DDDBE5008141D5 /* TLWebViewController.m */ = {isa = PBXFileReference; fileEncoding = 4; lastKnownFileType = sourcecode.c.objc; name = TLWebViewController.m; path = classes/TLWebViewController.m; sourceTree = SOURCE_ROOT; };
		F5C4BCDA18DDDC09008141D5 /* main.m */ = {isa = PBXFileReference; fileEncoding = 4; lastKnownFileType = sourcecode.c.objc; name = main.m; path = classes/main.m; sourceTree = SOURCE_ROOT; };
		F5C4BCE118DDDD29008141D5 /* en */ = {isa = PBXFileReference; lastKnownFileType = text.plist.strings; name = en; path = en.lproj/InfoPlist.strings; sourceTree = "<group>"; };
		F5C4BCE318DDDD3F008141D5 /* api.plist */ = {isa = PBXFileReference; fileEncoding = 4; lastKnownFileType = text.plist.xml; name = api.plist; path = assets/source/api.plist; sourceTree = "<group>"; };
/* End PBXFileReference section */

/* Begin PBXFrameworksBuildPhase section */
		6D0A22E318C8DC51003D132A /* Frameworks */ = {
			isa = PBXFrameworksBuildPhase;
			buildActionMask = 2147483647;
			files = (
				6D0A22EC18C8DC51003D132A /* CoreGraphics.framework in Frameworks */,
				6D0A22EE18C8DC51003D132A /* UIKit.framework in Frameworks */,
				6D0A22EA18C8DC51003D132A /* Foundation.framework in Frameworks */,
			);
			runOnlyForDeploymentPostprocessing = 0;
		};
/* End PBXFrameworksBuildPhase section */

/* Begin PBXGroup section */
		685DE50A18CA8283007BD897 /* TLAboutCellViewController */ = {
			isa = PBXGroup;
			children = (
				F5C4BCC618DDDB97008141D5 /* TLAboutCellViewController_3.xib */,
				F5C4BCC718DDDB97008141D5 /* TLAboutCellViewController_4.xib */,
				F5C4BCC818DDDB97008141D5 /* TLAboutCellViewController.h */,
				F5C4BCC918DDDB97008141D5 /* TLAboutCellViewController.m */,
			);
			name = TLAboutCellViewController;
			sourceTree = "<group>";
		};
		6892345318CFAFCF00F51295 /* Fonts */ = {
			isa = PBXGroup;
			children = (
				F5C4BC3618DDDA3D008141D5 /* Lato-Black.ttf */,
				F5C4BC3718DDDA3D008141D5 /* Lato-BlackItalic.ttf */,
				F5C4BC3818DDDA3D008141D5 /* Lato-Bold.ttf */,
				F5C4BC3918DDDA3D008141D5 /* Lato-BoldItalic.ttf */,
				F5C4BC3A18DDDA3D008141D5 /* Lato-Hairline.ttf */,
				F5C4BC3B18DDDA3D008141D5 /* Lato-HairlineItalic.ttf */,
				F5C4BC3C18DDDA3D008141D5 /* Lato-Heavy.ttf */,
				F5C4BC3D18DDDA3D008141D5 /* Lato-HeavyItalic.ttf */,
				F5C4BC3E18DDDA3D008141D5 /* Lato-Italic.ttf */,
				F5C4BC3F18DDDA3D008141D5 /* Lato-Light.ttf */,
				F5C4BC4018DDDA3D008141D5 /* Lato-LightItalic.ttf */,
				F5C4BC4118DDDA3D008141D5 /* Lato-Medium.ttf */,
				F5C4BC4218DDDA3D008141D5 /* Lato-MediumItalic.ttf */,
				F5C4BC4318DDDA3D008141D5 /* Lato-Regular.ttf */,
				F5C4BC4418DDDA3D008141D5 /* Lato-Semibold.ttf */,
				F5C4BC4518DDDA3D008141D5 /* Lato-SemiboldItalic.ttf */,
			);
			name = Fonts;
			sourceTree = "<group>";
		};
		6892347118CFC10D00F51295 /* Icons */ = {
			isa = PBXGroup;
			children = (
				F5C4BC9718DDDB14008141D5 /* back_disabled.png */,
				F5C4BC9818DDDB14008141D5 /* back_tapped.png */,
				F5C4BC9918DDDB14008141D5 /* back.png */,
				F5C4BC9A18DDDB14008141D5 /* davut.png */,
				F5C4BC9B18DDDB14008141D5 /* foodDark.png */,
				F5C4BC9C18DDDB14008141D5 /* foodDark@2x.png */,
				F5C4BC9D18DDDB14008141D5 /* foodLight.png */,
				F5C4BC9E18DDDB14008141D5 /* foodLight@2x.png */,
				F5C4BC9F18DDDB14008141D5 /* forward_disabled.png */,
				F5C4BCA018DDDB14008141D5 /* forward_tapped.png */,
				F5C4BCA118DDDB14008141D5 /* forward.png */,
				F5C4BCA218DDDB14008141D5 /* meryem.png */,
				F5C4BCA318DDDB14008141D5 /* refresh_disabled.png */,
				F5C4BCA418DDDB14008141D5 /* refresh_tapped.png */,
				F5C4BCA518DDDB14008141D5 /* refresh.png */,
				F5C4BCA618DDDB14008141D5 /* said.png */,
				F5C4BCA718DDDB14008141D5 /* TeamDark.png */,
				F5C4BCA818DDDB14008141D5 /* TeamDark@2x.png */,
				F5C4BCA918DDDB14008141D5 /* TeamLight.png */,
				F5C4BCAA18DDDB14008141D5 /* TeamLight@2x.png */,
			);
			name = Icons;
			path = Classes;
			sourceTree = "<group>";
		};
		68F1B7EE18C20C95004F2436 /* TLWebViewController */ = {
			isa = PBXGroup;
			children = (
				F5C4BCD018DDDBE5008141D5 /* TLWebViewController_3.xib */,
				F5C4BCD118DDDBE5008141D5 /* TLWebViewController_4.xib */,
				F5C4BCD218DDDBE5008141D5 /* TLWebViewController.h */,
				F5C4BCD318DDDBE5008141D5 /* TLWebViewController.m */,
			);
			name = TLWebViewController;
			sourceTree = "<group>";
		};
		6D0A22DD18C8DC51003D132A = {
			isa = PBXGroup;
			children = (
				F5C4BCE318DDDD3F008141D5 /* api.plist */,
				F5C4BC3418DDDA28008141D5 /* TeamAboutList.plist */,
				6D0A22EF18C8DC51003D132A /* YTUYemekhaneIOS */,
				6D0A22E818C8DC51003D132A /* Frameworks */,
				6D0A22E718C8DC51003D132A /* Products */,
			);
			sourceTree = "<group>";
		};
		6D0A22E718C8DC51003D132A /* Products */ = {
			isa = PBXGroup;
			children = (
				6D0A22E618C8DC51003D132A /* YTUYemekhaneIOS.app */,
			);
			name = Products;
			sourceTree = "<group>";
		};
		6D0A22E818C8DC51003D132A /* Frameworks */ = {
			isa = PBXGroup;
			children = (
				6D0A22E918C8DC51003D132A /* Foundation.framework */,
				6D0A22EB18C8DC51003D132A /* CoreGraphics.framework */,
				6D0A22ED18C8DC51003D132A /* UIKit.framework */,
				6D0A230218C8DC51003D132A /* XCTest.framework */,
			);
			name = Frameworks;
			sourceTree = "<group>";
		};
		6D0A22EF18C8DC51003D132A /* YTUYemekhaneIOS */ = {
			isa = PBXGroup;
			children = (
				6D0A231E18C8DCF4003D132A /* TLAppDelegate */,
				6D0A231D18C8DCDD003D132A /* TLFoodViewController */,
				6D0A233018C8F736003D132A /* TLFoodCellViewController */,
				6D0A232418C8F0D4003D132A /* TLAboutViewController */,
				685DE50A18CA8283007BD897 /* TLAboutCellViewController */,
				68F1B7EE18C20C95004F2436 /* TLWebViewController */,
				6D0A233118C8FC03003D132A /* AFNetworking */,
				6D0A22FB18C8DC51003D132A /* Images.xcassets */,
				6892345318CFAFCF00F51295 /* Fonts */,
				6892347118CFC10D00F51295 /* Icons */,
				6D0A236518C8FE1D003D132A /* SBJson */,
				6D0A22F018C8DC51003D132A /* Supporting Files */,
			);
			path = YTUYemekhaneIOS;
			sourceTree = "<group>";
		};
		6D0A22F018C8DC51003D132A /* Supporting Files */ = {
			isa = PBXGroup;
			children = (
				F59183F418DDE140009A3861 /* YTUYemekhaneIOS-Info.plist */,
				F59183F318DDE0EE009A3861 /* YTUYemekhaneIOS-Prefix.pch */,
				F5C4BCE018DDDD29008141D5 /* InfoPlist.strings */,
				F5C4BCDA18DDDC09008141D5 /* main.m */,
			);
			name = "Supporting Files";
			sourceTree = "<group>";
		};
		6D0A231D18C8DCDD003D132A /* TLFoodViewController */ = {
			isa = PBXGroup;
			children = (
				F5C4BC3118DDD9CD008141D5 /* TLFoodViewController.h */,
				F5C4BC3218DDD9CD008141D5 /* TLFoodViewController.m */,
				F5C4BC2D18DDD9AF008141D5 /* TLFoodViewController_3.xib */,
				F5C4BC2E18DDD9AF008141D5 /* TLFoodViewController_4.xib */,
			);
			name = TLFoodViewController;
			path = ..;
			sourceTree = "<group>";
		};
		6D0A231E18C8DCF4003D132A /* TLAppDelegate */ = {
			isa = PBXGroup;
			children = (
				F5C4BCCD18DDDBC2008141D5 /* TLAppDelegate.h */,
				F5C4BCCE18DDDBC2008141D5 /* TLAppDelegate.m */,
			);
			name = TLAppDelegate;
			sourceTree = "<group>";
		};
		6D0A232418C8F0D4003D132A /* TLAboutViewController */ = {
			isa = PBXGroup;
			children = (
				F5C4BCBF18DDDB6F008141D5 /* TLAboutViewController_3.xib */,
				F5C4BCC018DDDB6F008141D5 /* TLAboutViewController_4.xib */,
				F5C4BCC118DDDB6F008141D5 /* TLAboutViewController.h */,
				F5C4BCC218DDDB6F008141D5 /* TLAboutViewController.m */,
			);
			name = TLAboutViewController;
			sourceTree = "<group>";
		};
		6D0A233018C8F736003D132A /* TLFoodCellViewController */ = {
			isa = PBXGroup;
			children = (
				F5C4BC2818DDD996008141D5 /* TLFoodCellViewController.h */,
				F5C4BC2918DDD996008141D5 /* TLFoodCellViewController.m */,
				F5C4BC2A18DDD996008141D5 /* TLFoodCellViewController.xib */,
			);
			name = TLFoodCellViewController;
			path = ..;
			sourceTree = "<group>";
		};
		6D0A233118C8FC03003D132A /* AFNetworking */ = {
			isa = PBXGroup;
			children = (
				F5C4BC5618DDDA71008141D5 /* AFHTTPRequestOperation.h */,
				F5C4BC5718DDDA71008141D5 /* AFHTTPRequestOperation.m */,
				F5C4BC5818DDDA71008141D5 /* AFHTTPRequestOperationManager.h */,
				F5C4BC5918DDDA71008141D5 /* AFHTTPRequestOperationManager.m */,
				F5C4BC5A18DDDA71008141D5 /* AFHTTPSessionManager.h */,
				F5C4BC5B18DDDA71008141D5 /* AFHTTPSessionManager.m */,
				F5C4BC5C18DDDA71008141D5 /* AFNetworking.h */,
				F5C4BC5D18DDDA71008141D5 /* AFNetworkReachabilityManager.h */,
				F5C4BC5E18DDDA71008141D5 /* AFNetworkReachabilityManager.m */,
				F5C4BC5F18DDDA71008141D5 /* AFSecurityPolicy.h */,
				F5C4BC6018DDDA71008141D5 /* AFSecurityPolicy.m */,
				F5C4BC6118DDDA71008141D5 /* AFURLConnectionOperation.h */,
				F5C4BC6218DDDA71008141D5 /* AFURLConnectionOperation.m */,
				F5C4BC6318DDDA71008141D5 /* AFURLRequestSerialization.h */,
				F5C4BC6418DDDA71008141D5 /* AFURLRequestSerialization.m */,
				F5C4BC6518DDDA71008141D5 /* AFURLResponseSerialization.h */,
				F5C4BC6618DDDA71008141D5 /* AFURLResponseSerialization.m */,
				F5C4BC6718DDDA71008141D5 /* AFURLSessionManager.h */,
				F5C4BC6818DDDA71008141D5 /* AFURLSessionManager.m */,
			);
			path = AFNetworking;
			sourceTree = "<group>";
		};
		6D0A236518C8FE1D003D132A /* SBJson */ = {
			isa = PBXGroup;
			children = (
				F5C4BC7218DDDACE008141D5 /* NSObject+SBJson.h */,
				F5C4BC7318DDDACE008141D5 /* NSObject+SBJson.m */,
				F5C4BC7418DDDACE008141D5 /* SBJson.h */,
				F5C4BC7518DDDACE008141D5 /* SBJsonParser.h */,
				F5C4BC7618DDDACE008141D5 /* SBJsonParser.m */,
				F5C4BC7718DDDACE008141D5 /* SBJsonStreamParser.h */,
				F5C4BC7818DDDACE008141D5 /* SBJsonStreamParser.m */,
				F5C4BC7918DDDACE008141D5 /* SBJsonStreamParserAccumulator.h */,
				F5C4BC7A18DDDACE008141D5 /* SBJsonStreamParserAccumulator.m */,
				F5C4BC7B18DDDACE008141D5 /* SBJsonStreamParserAdapter.h */,
				F5C4BC7C18DDDACE008141D5 /* SBJsonStreamParserAdapter.m */,
				F5C4BC7D18DDDACE008141D5 /* SBJsonStreamParserState.h */,
				F5C4BC7E18DDDACE008141D5 /* SBJsonStreamParserState.m */,
				F5C4BC7F18DDDACE008141D5 /* SBJsonStreamWriter.h */,
				F5C4BC8018DDDACE008141D5 /* SBJsonStreamWriter.m */,
				F5C4BC8118DDDACE008141D5 /* SBJsonStreamWriterAccumulator.h */,
				F5C4BC8218DDDACE008141D5 /* SBJsonStreamWriterAccumulator.m */,
				F5C4BC8318DDDACE008141D5 /* SBJsonStreamWriterState.h */,
				F5C4BC8418DDDACE008141D5 /* SBJsonStreamWriterState.m */,
				F5C4BC8518DDDACE008141D5 /* SBJsonTokeniser.h */,
				F5C4BC8618DDDACE008141D5 /* SBJsonTokeniser.m */,
				F5C4BC8718DDDACE008141D5 /* SBJsonUTF8Stream.h */,
				F5C4BC8818DDDACE008141D5 /* SBJsonUTF8Stream.m */,
				F5C4BC8918DDDACE008141D5 /* SBJsonWriter.h */,
				F5C4BC8A18DDDACE008141D5 /* SBJsonWriter.m */,
			);
			name = SBJson;
			path = Classes;
			sourceTree = "<group>";
		};
/* End PBXGroup section */

/* Begin PBXNativeTarget section */
		6D0A22E518C8DC51003D132A /* YTUYemekhaneIOS */ = {
			isa = PBXNativeTarget;
			buildConfigurationList = 6D0A231218C8DC51003D132A /* Build configuration list for PBXNativeTarget "YTUYemekhaneIOS" */;
			buildPhases = (
				6D0A22E218C8DC51003D132A /* Sources */,
				6D0A22E318C8DC51003D132A /* Frameworks */,
				6D0A22E418C8DC51003D132A /* Resources */,
			);
			buildRules = (
			);
			dependencies = (
			);
			name = YTUYemekhaneIOS;
			productName = YTUYemekhaneIOS;
			productReference = 6D0A22E618C8DC51003D132A /* YTUYemekhaneIOS.app */;
			productType = "com.apple.product-type.application";
		};
/* End PBXNativeTarget section */

/* Begin PBXProject section */
		6D0A22DE18C8DC51003D132A /* Project object */ = {
			isa = PBXProject;
			attributes = {
				CLASSPREFIX = TL;
				LastUpgradeCheck = 0510;
				ORGANIZATIONNAME = TowerLabs;
			};
			buildConfigurationList = 6D0A22E118C8DC51003D132A /* Build configuration list for PBXProject "YTUYemekhaneIOS" */;
			compatibilityVersion = "Xcode 3.2";
			developmentRegion = English;
			hasScannedForEncodings = 0;
			knownRegions = (
				en,
			);
			mainGroup = 6D0A22DD18C8DC51003D132A;
			productRefGroup = 6D0A22E718C8DC51003D132A /* Products */;
			projectDirPath = "";
			projectRoot = "";
			targets = (
				6D0A22E518C8DC51003D132A /* YTUYemekhaneIOS */,
			);
		};
/* End PBXProject section */

/* Begin PBXResourcesBuildPhase section */
		6D0A22E418C8DC51003D132A /* Resources */ = {
			isa = PBXResourcesBuildPhase;
			buildActionMask = 2147483647;
			files = (
				F5C4BC4718DDDA3E008141D5 /* Lato-BlackItalic.ttf in Resources */,
				F5C4BCD518DDDBE5008141D5 /* TLWebViewController_4.xib in Resources */,
				F5C4BC4918DDDA3E008141D5 /* Lato-BoldItalic.ttf in Resources */,
				F5C4BC4F18DDDA3E008141D5 /* Lato-Light.ttf in Resources */,
				F5C4BC3018DDD9AF008141D5 /* TLFoodViewController_4.xib in Resources */,
				F5C4BCE418DDDD3F008141D5 /* api.plist in Resources */,
				F5C4BCAB18DDDB14008141D5 /* back_disabled.png in Resources */,
				F5C4BCB318DDDB14008141D5 /* forward_disabled.png in Resources */,
				F5C4BC4818DDDA3E008141D5 /* Lato-Bold.ttf in Resources */,
				F5C4BC5018DDDA3E008141D5 /* Lato-LightItalic.ttf in Resources */,
				F5C4BC3518DDDA28008141D5 /* TeamAboutList.plist in Resources */,
				F5C4BCB018DDDB14008141D5 /* foodDark@2x.png in Resources */,
				F5C4BCBA18DDDB14008141D5 /* said.png in Resources */,
				F5C4BCAF18DDDB14008141D5 /* foodDark.png in Resources */,
				F5C4BC2F18DDD9AF008141D5 /* TLFoodViewController_3.xib in Resources */,
				F5C4BCB718DDDB14008141D5 /* refresh_disabled.png in Resources */,
				F5C4BC5218DDDA3E008141D5 /* Lato-MediumItalic.ttf in Resources */,
				F5C4BCB418DDDB14008141D5 /* forward_tapped.png in Resources */,
				F5C4BCAD18DDDB14008141D5 /* back.png in Resources */,
				F5C4BCE218DDDD29008141D5 /* InfoPlist.strings in Resources */,
				F5C4BCAE18DDDB14008141D5 /* davut.png in Resources */,
				F5C4BCBC18DDDB14008141D5 /* TeamDark@2x.png in Resources */,
				F5C4BC4C18DDDA3E008141D5 /* Lato-Heavy.ttf in Resources */,
				F5C4BCB518DDDB14008141D5 /* forward.png in Resources */,
				F5C4BC4B18DDDA3E008141D5 /* Lato-HairlineItalic.ttf in Resources */,
				F5C4BC4E18DDDA3E008141D5 /* Lato-Italic.ttf in Resources */,
				F5C4BCC318DDDB6F008141D5 /* TLAboutViewController_3.xib in Resources */,
				F5C4BC4A18DDDA3E008141D5 /* Lato-Hairline.ttf in Resources */,
				F5C4BC5518DDDA3E008141D5 /* Lato-SemiboldItalic.ttf in Resources */,
				F5C4BC2C18DDD996008141D5 /* TLFoodCellViewController.xib in Resources */,
				F5C4BCB218DDDB14008141D5 /* foodLight@2x.png in Resources */,
				F5C4BCB618DDDB14008141D5 /* meryem.png in Resources */,
				F5C4BCBD18DDDB14008141D5 /* TeamLight.png in Resources */,
				F5C4BC5318DDDA3E008141D5 /* Lato-Regular.ttf in Resources */,
				F5C4BCC418DDDB6F008141D5 /* TLAboutViewController_4.xib in Resources */,
				F5C4BCAC18DDDB14008141D5 /* back_tapped.png in Resources */,
				F5C4BCBB18DDDB14008141D5 /* TeamDark.png in Resources */,
				F59183F518DDE140009A3861 /* YTUYemekhaneIOS-Info.plist in Resources */,
				F5C4BCCB18DDDB97008141D5 /* TLAboutCellViewController_4.xib in Resources */,
				F5C4BCB918DDDB14008141D5 /* refresh.png in Resources */,
				F5C4BC4D18DDDA3E008141D5 /* Lato-HeavyItalic.ttf in Resources */,
				F5C4BCB118DDDB14008141D5 /* foodLight.png in Resources */,
				F5C4BC5418DDDA3E008141D5 /* Lato-Semibold.ttf in Resources */,
				F5C4BC5118DDDA3E008141D5 /* Lato-Medium.ttf in Resources */,
				F5C4BCBE18DDDB14008141D5 /* TeamLight@2x.png in Resources */,
				F5C4BCD418DDDBE5008141D5 /* TLWebViewController_3.xib in Resources */,
				F5C4BCCA18DDDB97008141D5 /* TLAboutCellViewController_3.xib in Resources */,
				F5C4BC4618DDDA3E008141D5 /* Lato-Black.ttf in Resources */,
				F5C4BCB818DDDB14008141D5 /* refresh_tapped.png in Resources */,
				6D0A22FC18C8DC51003D132A /* Images.xcassets in Resources */,
			);
			runOnlyForDeploymentPostprocessing = 0;
		};
/* End PBXResourcesBuildPhase section */

/* Begin PBXSourcesBuildPhase section */
		6D0A22E218C8DC51003D132A /* Sources */ = {
			isa = PBXSourcesBuildPhase;
			buildActionMask = 2147483647;
			files = (
				F5C4BCC518DDDB6F008141D5 /* TLAboutViewController.m in Sources */,
				F5C4BC3318DDD9CD008141D5 /* TLFoodViewController.m in Sources */,
				F5C4BC9518DDDACE008141D5 /* SBJsonUTF8Stream.m in Sources */,
				F5C4BC9218DDDACE008141D5 /* SBJsonStreamWriterAccumulator.m in Sources */,
				F5C4BC6E18DDDA71008141D5 /* AFURLConnectionOperation.m in Sources */,
				F5C4BCD618DDDBE5008141D5 /* TLWebViewController.m in Sources */,
				F5C4BC6D18DDDA71008141D5 /* AFSecurityPolicy.m in Sources */,
				F5C4BC8B18DDDACE008141D5 /* NSObject+SBJson.m in Sources */,
				F5C4BCCC18DDDB97008141D5 /* TLAboutCellViewController.m in Sources */,
				F5C4BC6B18DDDA71008141D5 /* AFHTTPSessionManager.m in Sources */,
				F5C4BC2B18DDD996008141D5 /* TLFoodCellViewController.m in Sources */,
				F5C4BC8F18DDDACE008141D5 /* SBJsonStreamParserAdapter.m in Sources */,
				F5C4BC6A18DDDA71008141D5 /* AFHTTPRequestOperationManager.m in Sources */,
				F5C4BC8D18DDDACE008141D5 /* SBJsonStreamParser.m in Sources */,
				F5C4BC9018DDDACE008141D5 /* SBJsonStreamParserState.m in Sources */,
				F5C4BC8E18DDDACE008141D5 /* SBJsonStreamParserAccumulator.m in Sources */,
				F5C4BC9318DDDACE008141D5 /* SBJsonStreamWriterState.m in Sources */,
				F5C4BC9418DDDACE008141D5 /* SBJsonTokeniser.m in Sources */,
				F5C4BCCF18DDDBC2008141D5 /* TLAppDelegate.m in Sources */,
				F5C4BC6918DDDA71008141D5 /* AFHTTPRequestOperation.m in Sources */,
				F5C4BC7118DDDA71008141D5 /* AFURLSessionManager.m in Sources */,
				F5C4BC6C18DDDA71008141D5 /* AFNetworkReachabilityManager.m in Sources */,
				F5C4BC9618DDDACE008141D5 /* SBJsonWriter.m in Sources */,
				F5C4BC9118DDDACE008141D5 /* SBJsonStreamWriter.m in Sources */,
				F5C4BC7018DDDA71008141D5 /* AFURLResponseSerialization.m in Sources */,
				F5C4BC6F18DDDA71008141D5 /* AFURLRequestSerialization.m in Sources */,
				F5C4BCDB18DDDC09008141D5 /* main.m in Sources */,
				F5C4BC8C18DDDACE008141D5 /* SBJsonParser.m in Sources */,
			);
			runOnlyForDeploymentPostprocessing = 0;
		};
/* End PBXSourcesBuildPhase section */

/* Begin PBXVariantGroup section */
		F5C4BCE018DDDD29008141D5 /* InfoPlist.strings */ = {
			isa = PBXVariantGroup;
			children = (
				F5C4BCE118DDDD29008141D5 /* en */,
			);
			name = InfoPlist.strings;
			sourceTree = "<group>";
		};
/* End PBXVariantGroup section */

/* Begin XCBuildConfiguration section */
		6D0A231018C8DC51003D132A /* Debug */ = {
			isa = XCBuildConfiguration;
			buildSettings = {
				ALWAYS_SEARCH_USER_PATHS = NO;
				CLANG_CXX_LANGUAGE_STANDARD = "gnu++0x";
				CLANG_CXX_LIBRARY = "libc++";
				CLANG_ENABLE_MODULES = YES;
				CLANG_ENABLE_OBJC_ARC = YES;
				CLANG_WARN_BOOL_CONVERSION = YES;
				CLANG_WARN_CONSTANT_CONVERSION = YES;
				CLANG_WARN_DIRECT_OBJC_ISA_USAGE = YES_ERROR;
				CLANG_WARN_EMPTY_BODY = YES;
				CLANG_WARN_ENUM_CONVERSION = YES;
				CLANG_WARN_INT_CONVERSION = YES;
				CLANG_WARN_OBJC_ROOT_CLASS = YES_ERROR;
				CLANG_WARN__DUPLICATE_METHOD_MATCH = YES;
				CODE_SIGN_IDENTITY = "iPhone Developer";
				"CODE_SIGN_IDENTITY[sdk=iphoneos*]" = "iPhone Developer";
				COPY_PHASE_STRIP = NO;
				GCC_C_LANGUAGE_STANDARD = gnu99;
				GCC_DYNAMIC_NO_PIC = NO;
				GCC_OPTIMIZATION_LEVEL = 0;
				GCC_PREPROCESSOR_DEFINITIONS = (
					"DEBUG=1",
					"$(inherited)",
				);
				GCC_SYMBOLS_PRIVATE_EXTERN = NO;
				GCC_WARN_64_TO_32_BIT_CONVERSION = YES;
				GCC_WARN_ABOUT_RETURN_TYPE = YES_ERROR;
				GCC_WARN_UNDECLARED_SELECTOR = YES;
				GCC_WARN_UNINITIALIZED_AUTOS = YES;
				GCC_WARN_UNUSED_FUNCTION = YES;
				GCC_WARN_UNUSED_VARIABLE = YES;
				IPHONEOS_DEPLOYMENT_TARGET = 7.0;
				ONLY_ACTIVE_ARCH = YES;
				SDKROOT = iphoneos;
			};
			name = Debug;
		};
		6D0A231118C8DC51003D132A /* Release */ = {
			isa = XCBuildConfiguration;
			buildSettings = {
				ALWAYS_SEARCH_USER_PATHS = NO;
				CLANG_CXX_LANGUAGE_STANDARD = "gnu++0x";
				CLANG_CXX_LIBRARY = "libc++";
				CLANG_ENABLE_MODULES = YES;
				CLANG_ENABLE_OBJC_ARC = YES;
				CLANG_WARN_BOOL_CONVERSION = YES;
				CLANG_WARN_CONSTANT_CONVERSION = YES;
				CLANG_WARN_DIRECT_OBJC_ISA_USAGE = YES_ERROR;
				CLANG_WARN_EMPTY_BODY = YES;
				CLANG_WARN_ENUM_CONVERSION = YES;
				CLANG_WARN_INT_CONVERSION = YES;
				CLANG_WARN_OBJC_ROOT_CLASS = YES_ERROR;
				CLANG_WARN__DUPLICATE_METHOD_MATCH = YES;
				CODE_SIGN_IDENTITY = "iPhone Developer";
				"CODE_SIGN_IDENTITY[sdk=iphoneos*]" = "iPhone Developer";
				COPY_PHASE_STRIP = YES;
				ENABLE_NS_ASSERTIONS = NO;
				GCC_C_LANGUAGE_STANDARD = gnu99;
				GCC_WARN_64_TO_32_BIT_CONVERSION = YES;
				GCC_WARN_ABOUT_RETURN_TYPE = YES_ERROR;
				GCC_WARN_UNDECLARED_SELECTOR = YES;
				GCC_WARN_UNINITIALIZED_AUTOS = YES;
				GCC_WARN_UNUSED_FUNCTION = YES;
				GCC_WARN_UNUSED_VARIABLE = YES;
				IPHONEOS_DEPLOYMENT_TARGET = 7.0;
				SDKROOT = iphoneos;
				VALIDATE_PRODUCT = YES;
			};
			name = Release;
		};
		6D0A231318C8DC51003D132A /* Debug */ = {
			isa = XCBuildConfiguration;
			buildSettings = {
				ASSETCATALOG_COMPILER_APPICON_NAME = AppIcon;
				ASSETCATALOG_COMPILER_LAUNCHIMAGE_NAME = LaunchImage;
				GCC_PRECOMPILE_PREFIX_HEADER = YES;
				GCC_PREFIX_HEADER = "YTUYemekhaneIOS/YTUYemekhaneIOS-Prefix.pch";
				INFOPLIST_FILE = "YTUYemekhaneIOS/YTUYemekhaneIOS-Info.plist";
				PRODUCT_NAME = "$(TARGET_NAME)";
				WRAPPER_EXTENSION = app;
			};
			name = Debug;
		};
		6D0A231418C8DC51003D132A /* Release */ = {
			isa = XCBuildConfiguration;
			buildSettings = {
				ASSETCATALOG_COMPILER_APPICON_NAME = AppIcon;
				ASSETCATALOG_COMPILER_LAUNCHIMAGE_NAME = LaunchImage;
				GCC_PRECOMPILE_PREFIX_HEADER = YES;
				GCC_PREFIX_HEADER = "YTUYemekhaneIOS/YTUYemekhaneIOS-Prefix.pch";
				INFOPLIST_FILE = "YTUYemekhaneIOS/YTUYemekhaneIOS-Info.plist";
				PRODUCT_NAME = "$(TARGET_NAME)";
				WRAPPER_EXTENSION = app;
			};
			name = Release;
		};
/* End XCBuildConfiguration section */

/* Begin XCConfigurationList section */
		6D0A22E118C8DC51003D132A /* Build configuration list for PBXProject "YTUYemekhaneIOS" */ = {
			isa = XCConfigurationList;
			buildConfigurations = (
				6D0A231018C8DC51003D132A /* Debug */,
				6D0A231118C8DC51003D132A /* Release */,
			);
			defaultConfigurationIsVisible = 0;
			defaultConfigurationName = Release;
		};
		6D0A231218C8DC51003D132A /* Build configuration list for PBXNativeTarget "YTUYemekhaneIOS" */ = {
			isa = XCConfigurationList;
			buildConfigurations = (
				6D0A231318C8DC51003D132A /* Debug */,
				6D0A231418C8DC51003D132A /* Release */,
			);
			defaultConfigurationIsVisible = 0;
			defaultConfigurationName = Release;
		};
/* End XCConfigurationList section */
	};
	rootObject = 6D0A22DE18C8DC51003D132A /* Project object */;
}
